// !$*UTF8*$!
{
	archiveVersion = 1;
	classes = {
	};
	objectVersion = 51;
	objects = {

/* Begin PBXBuildFile section */
		0A63076FDFD4C0E744E7238D /* Pods_ePills.framework in Frameworks */ = {isa = PBXBuildFile; fileRef = 7AD86EE5D26121AE773DBB92 /* Pods_ePills.framework */; };
		3617ECEE8974CC1955656F55 /* Pods_ePillsTests.framework in Frameworks */ = {isa = PBXBuildFile; fileRef = E35F4D39E48EFB14C6CC183B /* Pods_ePillsTests.framework */; };
		5E09966E247CEEF80069D197 /* CalendarCell.swift in Sources */ = {isa = PBXBuildFile; fileRef = 5E09966D247CEEF80069D197 /* CalendarCell.swift */; };
		5E099671247F7D390069D197 /* MedicineCalendarVM.swift in Sources */ = {isa = PBXBuildFile; fileRef = 5E099670247F7D390069D197 /* MedicineCalendarVM.swift */; };
		5E099674247F864B0069D197 /* MedicineCalentarUT.swift in Sources */ = {isa = PBXBuildFile; fileRef = 5E099673247F864B0069D197 /* MedicineCalentarUT.swift */; };
		5E0E7D202486865D0086C0E8 /* DoseListVC.swift in Sources */ = {isa = PBXBuildFile; fileRef = 5E0E7D1F2486865D0086C0E8 /* DoseListVC.swift */; };
		5E0E7D22248686FD0086C0E8 /* DoseListVM.swift in Sources */ = {isa = PBXBuildFile; fileRef = 5E0E7D21248686FD0086C0E8 /* DoseListVM.swift */; };
		5E0E7D242486898C0086C0E8 /* DoseListView.swift in Sources */ = {isa = PBXBuildFile; fileRef = 5E0E7D232486898C0086C0E8 /* DoseListView.swift */; };
		5E0E7D26248693110086C0E8 /* CalendarHeaderView.swift in Sources */ = {isa = PBXBuildFile; fileRef = 5E0E7D25248693110086C0E8 /* CalendarHeaderView.swift */; };
		5E0E7D28248696580086C0E8 /* DoseCellViewModel.swift in Sources */ = {isa = PBXBuildFile; fileRef = 5E0E7D27248696580086C0E8 /* DoseCellViewModel.swift */; };
		5E312964248CFCD0002241AF /* DoseListCellView.swift in Sources */ = {isa = PBXBuildFile; fileRef = 5E312963248CFCD0002241AF /* DoseListCellView.swift */; };
		5E3B7AD82459FEBA00541AB4 /* MedicineInteractorUT.swift in Sources */ = {isa = PBXBuildFile; fileRef = 5E3B7AD72459FEBA00541AB4 /* MedicineInteractorUT.swift */; };
		5E3B7ADC245A26A000541AB4 /* MedicineInteractorMock.swift in Sources */ = {isa = PBXBuildFile; fileRef = 5E3B7ADB245A26A000541AB4 /* MedicineInteractorMock.swift */; };
		5E3B7ADF245A327A00541AB4 /* HomePrescriptionVMTest.swift in Sources */ = {isa = PBXBuildFile; fileRef = 5E3B7ADE245A327A00541AB4 /* HomePrescriptionVMTest.swift */; };
		5E3B7AE2245AD7D300541AB4 /* HomeCoordinatorMock.swift in Sources */ = {isa = PBXBuildFile; fileRef = 5E3B7AE1245AD7D300541AB4 /* HomeCoordinatorMock.swift */; };
		5E4473BF246EEFE200D997A6 /* Dose.swift in Sources */ = {isa = PBXBuildFile; fileRef = 5E4473BE246EEFE200D997A6 /* Dose.swift */; };
		5E4473C1246EF00B00D997A6 /* Cycle.swift in Sources */ = {isa = PBXBuildFile; fileRef = 5E4473C0246EF00B00D997A6 /* Cycle.swift */; };
		5E4473C3246EF2EF00D997A6 /* Medicine.swift in Sources */ = {isa = PBXBuildFile; fileRef = 5E4473C2246EF2EF00D997A6 /* Medicine.swift */; };
		5E4473C8246EF82D00D997A6 /* DBManager.swift in Sources */ = {isa = PBXBuildFile; fileRef = 5E4473C7246EF82D00D997A6 /* DBManager.swift */; };
		5E4473CA246EF83B00D997A6 /* RealmConfig.swift in Sources */ = {isa = PBXBuildFile; fileRef = 5E4473C9246EF83B00D997A6 /* RealmConfig.swift */; };
		5E4473CF246EF85100D997A6 /* CycleDB.swift in Sources */ = {isa = PBXBuildFile; fileRef = 5E4473CB246EF85100D997A6 /* CycleDB.swift */; };
		5E4473D0246EF85100D997A6 /* DoseDB.swift in Sources */ = {isa = PBXBuildFile; fileRef = 5E4473CC246EF85100D997A6 /* DoseDB.swift */; };
		5E4473D1246EF85100D997A6 /* PrescriptionDB.swift in Sources */ = {isa = PBXBuildFile; fileRef = 5E4473CD246EF85100D997A6 /* PrescriptionDB.swift */; };
		5E4473D2246EF85100D997A6 /* MedicineDB.swift in Sources */ = {isa = PBXBuildFile; fileRef = 5E4473CE246EF85100D997A6 /* MedicineDB.swift */; };
		5E4473D5246EFA0000D997A6 /* CycleTests.swift in Sources */ = {isa = PBXBuildFile; fileRef = 5E4473D3246EF9FF00D997A6 /* CycleTests.swift */; };
		5E4473D6246EFA0000D997A6 /* MedicineTests.swift in Sources */ = {isa = PBXBuildFile; fileRef = 5E4473D4246EF9FF00D997A6 /* MedicineTests.swift */; };
		5E4473DA246EFFBD00D997A6 /* MedicineDBTests.swift in Sources */ = {isa = PBXBuildFile; fileRef = 5E4473D9246EFFBD00D997A6 /* MedicineDBTests.swift */; };
		5E4473DC246F014300D997A6 /* DBManagerTests.swift in Sources */ = {isa = PBXBuildFile; fileRef = 5E4473DB246F014300D997A6 /* DBManagerTests.swift */; };
		5E4473DE246F369900D997A6 /* CycleDBTests.swift in Sources */ = {isa = PBXBuildFile; fileRef = 5E4473DD246F369900D997A6 /* CycleDBTests.swift */; };
		5E55149A2464A5EF00E97DF4 /* LocalNotificationManager.swift in Sources */ = {isa = PBXBuildFile; fileRef = 5E5514992464A5EF00E97DF4 /* LocalNotificationManager.swift */; };
		5E55149D2464A9FE00E97DF4 /* StartUpAppSequencer.swift in Sources */ = {isa = PBXBuildFile; fileRef = 5E55149C2464A9FE00E97DF4 /* StartUpAppSequencer.swift */; };
		5E5514A22464AA3800E97DF4 /* PresentMainAppOperation.swift in Sources */ = {isa = PBXBuildFile; fileRef = 5E55149F2464AA3800E97DF4 /* PresentMainAppOperation.swift */; };
		5E5514A32464AA3800E97DF4 /* RequestNotificationPermissionOp.swift in Sources */ = {isa = PBXBuildFile; fileRef = 5E5514A02464AA3800E97DF4 /* RequestNotificationPermissionOp.swift */; };
		5E5514A42464AA3800E97DF4 /* ConcurrentOperation.swift in Sources */ = {isa = PBXBuildFile; fileRef = 5E5514A12464AA3800E97DF4 /* ConcurrentOperation.swift */; };
		5E5514A62464AC1000E97DF4 /* MainFlowCoordinator.swift in Sources */ = {isa = PBXBuildFile; fileRef = 5E5514A52464AC1000E97DF4 /* MainFlowCoordinator.swift */; };
		5E5514A82464AE7900E97DF4 /* UIApplicationExtension.swift in Sources */ = {isa = PBXBuildFile; fileRef = 5E5514A72464AE7900E97DF4 /* UIApplicationExtension.swift */; };
		5E5514AB2464B75500E97DF4 /* Main.storyboard in Resources */ = {isa = PBXBuildFile; fileRef = 5E5514AA2464B75500E97DF4 /* Main.storyboard */; };
		5E5514BB2468101000E97DF4 /* DateExtension.swift in Sources */ = {isa = PBXBuildFile; fileRef = 5E5514BA2468101000E97DF4 /* DateExtension.swift */; };
		5E685C62247A4891008539D9 /* MainFlowCoordinatorTests.swift in Sources */ = {isa = PBXBuildFile; fileRef = 5E685C61247A4891008539D9 /* MainFlowCoordinatorTests.swift */; };
		5E685C65247A9B4A008539D9 /* AppSetupVC.swift in Sources */ = {isa = PBXBuildFile; fileRef = 5E685C64247A9B4A008539D9 /* AppSetupVC.swift */; };
		5E685C67247A9B8F008539D9 /* AppSetupView.swift in Sources */ = {isa = PBXBuildFile; fileRef = 5E685C66247A9B8F008539D9 /* AppSetupView.swift */; };
		5E685C69247A9C00008539D9 /* AppConfigurationCoordinator.swift in Sources */ = {isa = PBXBuildFile; fileRef = 5E685C68247A9C00008539D9 /* AppConfigurationCoordinator.swift */; };
		5E685C6B247ABFFA008539D9 /* AppSetupVM.swift in Sources */ = {isa = PBXBuildFile; fileRef = 5E685C6A247ABFFA008539D9 /* AppSetupVM.swift */; };
		5E685C6E247AEAAC008539D9 /* MedicineCalendarVC.swift in Sources */ = {isa = PBXBuildFile; fileRef = 5E685C6D247AEAAC008539D9 /* MedicineCalendarVC.swift */; };
		5E685C70247AEB3D008539D9 /* MedicineCalendarView.swift in Sources */ = {isa = PBXBuildFile; fileRef = 5E685C6F247AEB3D008539D9 /* MedicineCalendarView.swift */; };
		5E685C72247B08BF008539D9 /* CalendarView.swift in Sources */ = {isa = PBXBuildFile; fileRef = 5E685C71247B08BF008539D9 /* CalendarView.swift */; };
		5E6AB015244B0F3F00F162EB /* AppDelegate.swift in Sources */ = {isa = PBXBuildFile; fileRef = 5E6AB014244B0F3F00F162EB /* AppDelegate.swift */; };
		5E6AB017244B0F3F00F162EB /* SceneDelegate.swift in Sources */ = {isa = PBXBuildFile; fileRef = 5E6AB016244B0F3F00F162EB /* SceneDelegate.swift */; };
		5E6AB01B244B0F4200F162EB /* Assets.xcassets in Resources */ = {isa = PBXBuildFile; fileRef = 5E6AB01A244B0F4200F162EB /* Assets.xcassets */; };
		5E6AB01E244B0F4200F162EB /* Preview Assets.xcassets in Resources */ = {isa = PBXBuildFile; fileRef = 5E6AB01D244B0F4200F162EB /* Preview Assets.xcassets */; };
		5E6AB021244B0F4200F162EB /* LaunchScreen.storyboard in Resources */ = {isa = PBXBuildFile; fileRef = 5E6AB01F244B0F4200F162EB /* LaunchScreen.storyboard */; };
		5E6AB03E244B245F00F162EB /* FirstPrescriptionView.swift in Sources */ = {isa = PBXBuildFile; fileRef = 5E6AB03D244B245F00F162EB /* FirstPrescriptionView.swift */; };
		5E6AB047244B4F5E00F162EB /* PrescriptionFormView.swift in Sources */ = {isa = PBXBuildFile; fileRef = 5E6AB046244B4F5E00F162EB /* PrescriptionFormView.swift */; };
		5E6AB04A244B60A800F162EB /* BackgroundView.swift in Sources */ = {isa = PBXBuildFile; fileRef = 5E6AB049244B60A800F162EB /* BackgroundView.swift */; };
		5E6AB04E244BA32200F162EB /* MessageView.swift in Sources */ = {isa = PBXBuildFile; fileRef = 5E6AB04D244BA32200F162EB /* MessageView.swift */; };
		5E6AB050244BA35D00F162EB /* AddPrescriptionView.swift in Sources */ = {isa = PBXBuildFile; fileRef = 5E6AB04F244BA35D00F162EB /* AddPrescriptionView.swift */; };
		5E6AB052244BA75300F162EB /* NavigationBarModifier.swift in Sources */ = {isa = PBXBuildFile; fileRef = 5E6AB051244BA75300F162EB /* NavigationBarModifier.swift */; };
		5E8D54D2248E870100E21145 /* ArcShape.swift in Sources */ = {isa = PBXBuildFile; fileRef = 5E8D54D1248E870100E21145 /* ArcShape.swift */; };
		5E8EECE32456258600398832 /* PrescriptionTests.swift in Sources */ = {isa = PBXBuildFile; fileRef = 5E8EECE22456258600398832 /* PrescriptionTests.swift */; };
		5E8EECE52456B65900398832 /* PageView.swift in Sources */ = {isa = PBXBuildFile; fileRef = 5E8EECE42456B65900398832 /* PageView.swift */; };
		5E8EECE72456CFD600398832 /* HomePrescriptionVM.swift in Sources */ = {isa = PBXBuildFile; fileRef = 5E8EECE62456CFD600398832 /* HomePrescriptionVM.swift */; };
		5E8EECE9245741A200398832 /* HomeCoordinator.swift in Sources */ = {isa = PBXBuildFile; fileRef = 5E8EECE8245741A200398832 /* HomeCoordinator.swift */; };
		5E8EECEB2458D2B600398832 /* MedicineHomePageView.swift in Sources */ = {isa = PBXBuildFile; fileRef = 5E8EECEA2458D2B600398832 /* MedicineHomePageView.swift */; };
		5EB5DA84245DC41E0009EA75 /* PrescriptionButtonView.swift in Sources */ = {isa = PBXBuildFile; fileRef = 5EB5DA83245DC41E0009EA75 /* PrescriptionButtonView.swift */; };
		5EB5DA962461D06E0009EA75 /* TimeManager.swift in Sources */ = {isa = PBXBuildFile; fileRef = 5EB5DA952461D06E0009EA75 /* TimeManager.swift */; };
		5EB91A0824926027005A082C /* FirebaseManager.swift in Sources */ = {isa = PBXBuildFile; fileRef = 5EB91A0724926027005A082C /* FirebaseManager.swift */; };
		5EB91A0C24926E36005A082C /* GoogleService-Info-Debug.plist in Resources */ = {isa = PBXBuildFile; fileRef = 5EB91A0B24926E36005A082C /* GoogleService-Info-Debug.plist */; };
		5EB91A0E24927081005A082C /* GoogleService-Info-Prod.plist in Resources */ = {isa = PBXBuildFile; fileRef = 5EB91A0D24927080005A082C /* GoogleService-Info-Prod.plist */; };
		5EB91A1024928D14005A082C /* AnalyticsManager.swift in Sources */ = {isa = PBXBuildFile; fileRef = 5EB91A0F24928D14005A082C /* AnalyticsManager.swift */; };
		5EB91A1224937B0F005A082C /* UTDoseListVM.swift in Sources */ = {isa = PBXBuildFile; fileRef = 5EB91A1124937B0F005A082C /* UTDoseListVM.swift */; };
		5EB91A152493A15A005A082C /* GoogleService-Info.plist in Resources */ = {isa = PBXBuildFile; fileRef = 5EB91A142493A15A005A082C /* GoogleService-Info.plist */; };
		5EBBAA502450A08E00CD2B5E /* TabBarController.swift in Sources */ = {isa = PBXBuildFile; fileRef = 5EBBAA4F2450A08E00CD2B5E /* TabBarController.swift */; };
		5EBBAA542450C76300CD2B5E /* PrescriptionFormVC.swift in Sources */ = {isa = PBXBuildFile; fileRef = 5EBBAA532450C76300CD2B5E /* PrescriptionFormVC.swift */; };
		5EBBAA562450C86500CD2B5E /* PrescriptionFormVM.swift in Sources */ = {isa = PBXBuildFile; fileRef = 5EBBAA552450C86500CD2B5E /* PrescriptionFormVM.swift */; };
		5EBE6DF32486AF80001285FF /* DoseCellTypeView.swift in Sources */ = {isa = PBXBuildFile; fileRef = 5EBE6DF22486AF80001285FF /* DoseCellTypeView.swift */; };
		5ED44B342452061D00081B36 /* TextFieldWithValidatorCell.swift in Sources */ = {isa = PBXBuildFile; fileRef = 5ED44B332452061D00081B36 /* TextFieldWithValidatorCell.swift */; };
		5ED44B362452C7A500081B36 /* SelectorCell.swift in Sources */ = {isa = PBXBuildFile; fileRef = 5ED44B352452C7A500081B36 /* SelectorCell.swift */; };
		5ED44B3824532EAE00081B36 /* AcceptButtonCell.swift in Sources */ = {isa = PBXBuildFile; fileRef = 5ED44B3724532EAE00081B36 /* AcceptButtonCell.swift */; };
		5ED44B3C2453401700081B36 /* Localizable.strings in Resources */ = {isa = PBXBuildFile; fileRef = 5ED44B3E2453401700081B36 /* Localizable.strings */; };
		5ED44B44245352AC00081B36 /* R.generated.swift in Sources */ = {isa = PBXBuildFile; fileRef = 5ED44B43245352AC00081B36 /* R.generated.swift */; };
		5ED44B46245353EE00081B36 /* StringExtension.swift in Sources */ = {isa = PBXBuildFile; fileRef = 5ED44B45245353EE00081B36 /* StringExtension.swift */; };
		5ED44B49245366C800081B36 /* MedicineInteractor.swift in Sources */ = {isa = PBXBuildFile; fileRef = 5ED44B48245366C800081B36 /* MedicineInteractor.swift */; };
		5ED44B4C2454158500081B36 /* DataManager.swift in Sources */ = {isa = PBXBuildFile; fileRef = 5ED44B4B2454158500081B36 /* DataManager.swift */; };
		5ED44B502454165D00081B36 /* Presprciption.swift in Sources */ = {isa = PBXBuildFile; fileRef = 5ED44B4F2454165D00081B36 /* Presprciption.swift */; };
		5ED44B532454180300081B36 /* Interval.swift in Sources */ = {isa = PBXBuildFile; fileRef = 5ED44B522454180300081B36 /* Interval.swift */; };
		5ED44B5824542F3F00081B36 /* HomePrescriptionView.swift in Sources */ = {isa = PBXBuildFile; fileRef = 5ED44B5724542F3F00081B36 /* HomePrescriptionView.swift */; };
		5ED44B5A2454541000081B36 /* HomePrescriptionVC.swift in Sources */ = {isa = PBXBuildFile; fileRef = 5ED44B592454541000081B36 /* HomePrescriptionVC.swift */; };
		5EF5DDAC2491FF16000368F9 /* AppEnvironment.swift in Sources */ = {isa = PBXBuildFile; fileRef = 5EF5DDAB2491FF16000368F9 /* AppEnvironment.swift */; };
		5EF5DDAE24925261000368F9 /* AppEnvironmentUT.swift in Sources */ = {isa = PBXBuildFile; fileRef = 5EF5DDAD24925261000368F9 /* AppEnvironmentUT.swift */; };
		5EFE81022454C12800D44F53 /* PrescriptionFormVMTests.swift in Sources */ = {isa = PBXBuildFile; fileRef = 5EFE81012454C12800D44F53 /* PrescriptionFormVMTests.swift */; };
		5EFE81062454CDE400D44F53 /* DataManagerMock.swift in Sources */ = {isa = PBXBuildFile; fileRef = 5EFE81052454CDE400D44F53 /* DataManagerMock.swift */; };
		5EFE81092454CF6D00D44F53 /* DataManagerTests.swift in Sources */ = {isa = PBXBuildFile; fileRef = 5EFE81082454CF6D00D44F53 /* DataManagerTests.swift */; };
		5EFE810C2454D13D00D44F53 /* Resetable.swift in Sources */ = {isa = PBXBuildFile; fileRef = 5EFE810B2454D13D00D44F53 /* Resetable.swift */; };
		5EFE810E2454F0AF00D44F53 /* BundleExtension.swift in Sources */ = {isa = PBXBuildFile; fileRef = 5EFE810D2454F0AF00D44F53 /* BundleExtension.swift */; };
		5EFF2156244F57BE00B77AE9 /* FirstPrescriptionVC.swift in Sources */ = {isa = PBXBuildFile; fileRef = 5EFF2155244F57BE00B77AE9 /* FirstPrescriptionVC.swift */; };
		5EFF2159244F5DD100B77AE9 /* FirstPresciptionCoordinator.swift in Sources */ = {isa = PBXBuildFile; fileRef = 5EFF2158244F5DD100B77AE9 /* FirstPresciptionCoordinator.swift */; };
		5EFF2160244F9ACE00B77AE9 /* DebugManager.swift in Sources */ = {isa = PBXBuildFile; fileRef = 5EFF215F244F9ACE00B77AE9 /* DebugManager.swift */; };
/* End PBXBuildFile section */

/* Begin PBXContainerItemProxy section */
		5E6AB028244B0F4200F162EB /* PBXContainerItemProxy */ = {
			isa = PBXContainerItemProxy;
			containerPortal = 5E6AB009244B0F3F00F162EB /* Project object */;
			proxyType = 1;
			remoteGlobalIDString = 5E6AB010244B0F3F00F162EB;
			remoteInfo = ePills;
		};
/* End PBXContainerItemProxy section */

/* Begin PBXFileReference section */
		5E09966D247CEEF80069D197 /* CalendarCell.swift */ = {isa = PBXFileReference; fileEncoding = 4; lastKnownFileType = sourcecode.swift; path = CalendarCell.swift; sourceTree = "<group>"; };
		5E099670247F7D390069D197 /* MedicineCalendarVM.swift */ = {isa = PBXFileReference; lastKnownFileType = sourcecode.swift; path = MedicineCalendarVM.swift; sourceTree = "<group>"; };
		5E099673247F864B0069D197 /* MedicineCalentarUT.swift */ = {isa = PBXFileReference; lastKnownFileType = sourcecode.swift; path = MedicineCalentarUT.swift; sourceTree = "<group>"; };
		5E0E7D1F2486865D0086C0E8 /* DoseListVC.swift */ = {isa = PBXFileReference; lastKnownFileType = sourcecode.swift; path = DoseListVC.swift; sourceTree = "<group>"; };
		5E0E7D21248686FD0086C0E8 /* DoseListVM.swift */ = {isa = PBXFileReference; lastKnownFileType = sourcecode.swift; path = DoseListVM.swift; sourceTree = "<group>"; };
		5E0E7D232486898C0086C0E8 /* DoseListView.swift */ = {isa = PBXFileReference; lastKnownFileType = sourcecode.swift; path = DoseListView.swift; sourceTree = "<group>"; };
		5E0E7D25248693110086C0E8 /* CalendarHeaderView.swift */ = {isa = PBXFileReference; lastKnownFileType = sourcecode.swift; path = CalendarHeaderView.swift; sourceTree = "<group>"; };
		5E0E7D27248696580086C0E8 /* DoseCellViewModel.swift */ = {isa = PBXFileReference; lastKnownFileType = sourcecode.swift; path = DoseCellViewModel.swift; sourceTree = "<group>"; };
		5E312963248CFCD0002241AF /* DoseListCellView.swift */ = {isa = PBXFileReference; lastKnownFileType = sourcecode.swift; path = DoseListCellView.swift; sourceTree = "<group>"; };
		5E3B7AD72459FEBA00541AB4 /* MedicineInteractorUT.swift */ = {isa = PBXFileReference; lastKnownFileType = sourcecode.swift; path = MedicineInteractorUT.swift; sourceTree = "<group>"; };
		5E3B7ADB245A26A000541AB4 /* MedicineInteractorMock.swift */ = {isa = PBXFileReference; lastKnownFileType = sourcecode.swift; path = MedicineInteractorMock.swift; sourceTree = "<group>"; };
		5E3B7ADE245A327A00541AB4 /* HomePrescriptionVMTest.swift */ = {isa = PBXFileReference; lastKnownFileType = sourcecode.swift; path = HomePrescriptionVMTest.swift; sourceTree = "<group>"; };
		5E3B7AE1245AD7D300541AB4 /* HomeCoordinatorMock.swift */ = {isa = PBXFileReference; lastKnownFileType = sourcecode.swift; path = HomeCoordinatorMock.swift; sourceTree = "<group>"; };
		5E4473BE246EEFE200D997A6 /* Dose.swift */ = {isa = PBXFileReference; fileEncoding = 4; lastKnownFileType = sourcecode.swift; path = Dose.swift; sourceTree = "<group>"; };
		5E4473C0246EF00B00D997A6 /* Cycle.swift */ = {isa = PBXFileReference; lastKnownFileType = sourcecode.swift; path = Cycle.swift; sourceTree = "<group>"; };
		5E4473C2246EF2EF00D997A6 /* Medicine.swift */ = {isa = PBXFileReference; fileEncoding = 4; lastKnownFileType = sourcecode.swift; path = Medicine.swift; sourceTree = "<group>"; };
		5E4473C7246EF82D00D997A6 /* DBManager.swift */ = {isa = PBXFileReference; fileEncoding = 4; lastKnownFileType = sourcecode.swift; path = DBManager.swift; sourceTree = "<group>"; };
		5E4473C9246EF83B00D997A6 /* RealmConfig.swift */ = {isa = PBXFileReference; fileEncoding = 4; lastKnownFileType = sourcecode.swift; path = RealmConfig.swift; sourceTree = "<group>"; };
		5E4473CB246EF85100D997A6 /* CycleDB.swift */ = {isa = PBXFileReference; fileEncoding = 4; lastKnownFileType = sourcecode.swift; path = CycleDB.swift; sourceTree = "<group>"; };
		5E4473CC246EF85100D997A6 /* DoseDB.swift */ = {isa = PBXFileReference; fileEncoding = 4; lastKnownFileType = sourcecode.swift; path = DoseDB.swift; sourceTree = "<group>"; };
		5E4473CD246EF85100D997A6 /* PrescriptionDB.swift */ = {isa = PBXFileReference; fileEncoding = 4; lastKnownFileType = sourcecode.swift; path = PrescriptionDB.swift; sourceTree = "<group>"; };
		5E4473CE246EF85100D997A6 /* MedicineDB.swift */ = {isa = PBXFileReference; fileEncoding = 4; lastKnownFileType = sourcecode.swift; path = MedicineDB.swift; sourceTree = "<group>"; };
		5E4473D3246EF9FF00D997A6 /* CycleTests.swift */ = {isa = PBXFileReference; fileEncoding = 4; lastKnownFileType = sourcecode.swift; path = CycleTests.swift; sourceTree = "<group>"; };
		5E4473D4246EF9FF00D997A6 /* MedicineTests.swift */ = {isa = PBXFileReference; fileEncoding = 4; lastKnownFileType = sourcecode.swift; path = MedicineTests.swift; sourceTree = "<group>"; };
		5E4473D9246EFFBD00D997A6 /* MedicineDBTests.swift */ = {isa = PBXFileReference; lastKnownFileType = sourcecode.swift; path = MedicineDBTests.swift; sourceTree = "<group>"; };
		5E4473DB246F014300D997A6 /* DBManagerTests.swift */ = {isa = PBXFileReference; lastKnownFileType = sourcecode.swift; path = DBManagerTests.swift; sourceTree = "<group>"; };
		5E4473DD246F369900D997A6 /* CycleDBTests.swift */ = {isa = PBXFileReference; lastKnownFileType = sourcecode.swift; path = CycleDBTests.swift; sourceTree = "<group>"; };
		5E5514992464A5EF00E97DF4 /* LocalNotificationManager.swift */ = {isa = PBXFileReference; lastKnownFileType = sourcecode.swift; path = LocalNotificationManager.swift; sourceTree = "<group>"; };
		5E55149C2464A9FE00E97DF4 /* StartUpAppSequencer.swift */ = {isa = PBXFileReference; fileEncoding = 4; lastKnownFileType = sourcecode.swift; path = StartUpAppSequencer.swift; sourceTree = "<group>"; };
		5E55149F2464AA3800E97DF4 /* PresentMainAppOperation.swift */ = {isa = PBXFileReference; fileEncoding = 4; lastKnownFileType = sourcecode.swift; path = PresentMainAppOperation.swift; sourceTree = "<group>"; };
		5E5514A02464AA3800E97DF4 /* RequestNotificationPermissionOp.swift */ = {isa = PBXFileReference; fileEncoding = 4; lastKnownFileType = sourcecode.swift; path = RequestNotificationPermissionOp.swift; sourceTree = "<group>"; };
		5E5514A12464AA3800E97DF4 /* ConcurrentOperation.swift */ = {isa = PBXFileReference; fileEncoding = 4; lastKnownFileType = sourcecode.swift; path = ConcurrentOperation.swift; sourceTree = "<group>"; };
		5E5514A52464AC1000E97DF4 /* MainFlowCoordinator.swift */ = {isa = PBXFileReference; fileEncoding = 4; lastKnownFileType = sourcecode.swift; path = MainFlowCoordinator.swift; sourceTree = "<group>"; };
		5E5514A72464AE7900E97DF4 /* UIApplicationExtension.swift */ = {isa = PBXFileReference; fileEncoding = 4; lastKnownFileType = sourcecode.swift; path = UIApplicationExtension.swift; sourceTree = "<group>"; };
		5E5514AA2464B75500E97DF4 /* Main.storyboard */ = {isa = PBXFileReference; fileEncoding = 4; lastKnownFileType = file.storyboard; path = Main.storyboard; sourceTree = "<group>"; };
		5E5514BA2468101000E97DF4 /* DateExtension.swift */ = {isa = PBXFileReference; lastKnownFileType = sourcecode.swift; path = DateExtension.swift; sourceTree = "<group>"; };
		5E685C61247A4891008539D9 /* MainFlowCoordinatorTests.swift */ = {isa = PBXFileReference; lastKnownFileType = sourcecode.swift; path = MainFlowCoordinatorTests.swift; sourceTree = "<group>"; };
		5E685C64247A9B4A008539D9 /* AppSetupVC.swift */ = {isa = PBXFileReference; lastKnownFileType = sourcecode.swift; path = AppSetupVC.swift; sourceTree = "<group>"; };
		5E685C66247A9B8F008539D9 /* AppSetupView.swift */ = {isa = PBXFileReference; lastKnownFileType = sourcecode.swift; path = AppSetupView.swift; sourceTree = "<group>"; };
		5E685C68247A9C00008539D9 /* AppConfigurationCoordinator.swift */ = {isa = PBXFileReference; lastKnownFileType = sourcecode.swift; path = AppConfigurationCoordinator.swift; sourceTree = "<group>"; };
		5E685C6A247ABFFA008539D9 /* AppSetupVM.swift */ = {isa = PBXFileReference; lastKnownFileType = sourcecode.swift; path = AppSetupVM.swift; sourceTree = "<group>"; };
		5E685C6D247AEAAC008539D9 /* MedicineCalendarVC.swift */ = {isa = PBXFileReference; lastKnownFileType = sourcecode.swift; path = MedicineCalendarVC.swift; sourceTree = "<group>"; };
		5E685C6F247AEB3D008539D9 /* MedicineCalendarView.swift */ = {isa = PBXFileReference; lastKnownFileType = sourcecode.swift; path = MedicineCalendarView.swift; sourceTree = "<group>"; };
		5E685C71247B08BF008539D9 /* CalendarView.swift */ = {isa = PBXFileReference; lastKnownFileType = sourcecode.swift; path = CalendarView.swift; sourceTree = "<group>"; };
		5E6AB011244B0F3F00F162EB /* ePills-Debug.app */ = {isa = PBXFileReference; explicitFileType = wrapper.application; includeInIndex = 0; path = "ePills-Debug.app"; sourceTree = BUILT_PRODUCTS_DIR; };
		5E6AB014244B0F3F00F162EB /* AppDelegate.swift */ = {isa = PBXFileReference; lastKnownFileType = sourcecode.swift; path = AppDelegate.swift; sourceTree = "<group>"; };
		5E6AB016244B0F3F00F162EB /* SceneDelegate.swift */ = {isa = PBXFileReference; lastKnownFileType = sourcecode.swift; path = SceneDelegate.swift; sourceTree = "<group>"; };
		5E6AB01A244B0F4200F162EB /* Assets.xcassets */ = {isa = PBXFileReference; lastKnownFileType = folder.assetcatalog; path = Assets.xcassets; sourceTree = "<group>"; };
		5E6AB01D244B0F4200F162EB /* Preview Assets.xcassets */ = {isa = PBXFileReference; lastKnownFileType = folder.assetcatalog; path = "Preview Assets.xcassets"; sourceTree = "<group>"; };
		5E6AB020244B0F4200F162EB /* Base */ = {isa = PBXFileReference; lastKnownFileType = file.storyboard; name = Base; path = Base.lproj/LaunchScreen.storyboard; sourceTree = "<group>"; };
		5E6AB022244B0F4200F162EB /* Info.plist */ = {isa = PBXFileReference; lastKnownFileType = text.plist.xml; path = Info.plist; sourceTree = "<group>"; };
		5E6AB027244B0F4200F162EB /* ePillsTests.xctest */ = {isa = PBXFileReference; explicitFileType = wrapper.cfbundle; includeInIndex = 0; path = ePillsTests.xctest; sourceTree = BUILT_PRODUCTS_DIR; };
		5E6AB02D244B0F4200F162EB /* Info.plist */ = {isa = PBXFileReference; lastKnownFileType = text.plist.xml; path = Info.plist; sourceTree = "<group>"; };
		5E6AB03D244B245F00F162EB /* FirstPrescriptionView.swift */ = {isa = PBXFileReference; lastKnownFileType = sourcecode.swift; path = FirstPrescriptionView.swift; sourceTree = "<group>"; };
		5E6AB046244B4F5E00F162EB /* PrescriptionFormView.swift */ = {isa = PBXFileReference; lastKnownFileType = sourcecode.swift; path = PrescriptionFormView.swift; sourceTree = "<group>"; };
		5E6AB049244B60A800F162EB /* BackgroundView.swift */ = {isa = PBXFileReference; lastKnownFileType = sourcecode.swift; path = BackgroundView.swift; sourceTree = "<group>"; };
		5E6AB04D244BA32200F162EB /* MessageView.swift */ = {isa = PBXFileReference; lastKnownFileType = sourcecode.swift; path = MessageView.swift; sourceTree = "<group>"; };
		5E6AB04F244BA35D00F162EB /* AddPrescriptionView.swift */ = {isa = PBXFileReference; lastKnownFileType = sourcecode.swift; path = AddPrescriptionView.swift; sourceTree = "<group>"; };
		5E6AB051244BA75300F162EB /* NavigationBarModifier.swift */ = {isa = PBXFileReference; lastKnownFileType = sourcecode.swift; path = NavigationBarModifier.swift; sourceTree = "<group>"; };
		5E8D54D1248E870100E21145 /* ArcShape.swift */ = {isa = PBXFileReference; lastKnownFileType = sourcecode.swift; path = ArcShape.swift; sourceTree = "<group>"; };
		5E8EECE22456258600398832 /* PrescriptionTests.swift */ = {isa = PBXFileReference; lastKnownFileType = sourcecode.swift; path = PrescriptionTests.swift; sourceTree = "<group>"; };
		5E8EECE42456B65900398832 /* PageView.swift */ = {isa = PBXFileReference; lastKnownFileType = sourcecode.swift; path = PageView.swift; sourceTree = "<group>"; };
		5E8EECE62456CFD600398832 /* HomePrescriptionVM.swift */ = {isa = PBXFileReference; lastKnownFileType = sourcecode.swift; path = HomePrescriptionVM.swift; sourceTree = "<group>"; };
		5E8EECE8245741A200398832 /* HomeCoordinator.swift */ = {isa = PBXFileReference; lastKnownFileType = sourcecode.swift; path = HomeCoordinator.swift; sourceTree = "<group>"; };
		5E8EECEA2458D2B600398832 /* MedicineHomePageView.swift */ = {isa = PBXFileReference; lastKnownFileType = sourcecode.swift; path = MedicineHomePageView.swift; sourceTree = "<group>"; };
		5EB5DA83245DC41E0009EA75 /* PrescriptionButtonView.swift */ = {isa = PBXFileReference; lastKnownFileType = sourcecode.swift; path = PrescriptionButtonView.swift; sourceTree = "<group>"; };
		5EB5DA952461D06E0009EA75 /* TimeManager.swift */ = {isa = PBXFileReference; fileEncoding = 4; lastKnownFileType = sourcecode.swift; path = TimeManager.swift; sourceTree = "<group>"; };
		5EB91A0724926027005A082C /* FirebaseManager.swift */ = {isa = PBXFileReference; fileEncoding = 4; lastKnownFileType = sourcecode.swift; path = FirebaseManager.swift; sourceTree = "<group>"; };
		5EB91A0B24926E36005A082C /* GoogleService-Info-Debug.plist */ = {isa = PBXFileReference; fileEncoding = 4; lastKnownFileType = text.plist.xml; path = "GoogleService-Info-Debug.plist"; sourceTree = "<group>"; };
		5EB91A0D24927080005A082C /* GoogleService-Info-Prod.plist */ = {isa = PBXFileReference; fileEncoding = 4; lastKnownFileType = text.plist.xml; path = "GoogleService-Info-Prod.plist"; sourceTree = "<group>"; };
		5EB91A0F24928D14005A082C /* AnalyticsManager.swift */ = {isa = PBXFileReference; lastKnownFileType = sourcecode.swift; path = AnalyticsManager.swift; sourceTree = "<group>"; };
		5EB91A1124937B0F005A082C /* UTDoseListVM.swift */ = {isa = PBXFileReference; lastKnownFileType = sourcecode.swift; path = UTDoseListVM.swift; sourceTree = "<group>"; };
		5EB91A142493A15A005A082C /* GoogleService-Info.plist */ = {isa = PBXFileReference; fileEncoding = 4; lastKnownFileType = text.plist.xml; path = "GoogleService-Info.plist"; sourceTree = "<group>"; };
		5EB91A182494E826005A082C /* es */ = {isa = PBXFileReference; lastKnownFileType = text.plist.strings; name = es; path = es.lproj/LaunchScreen.strings; sourceTree = "<group>"; };
		5EB91A192494E826005A082C /* es */ = {isa = PBXFileReference; lastKnownFileType = text.plist.strings; name = es; path = es.lproj/Localizable.strings; sourceTree = "<group>"; };
		5EBBAA4F2450A08E00CD2B5E /* TabBarController.swift */ = {isa = PBXFileReference; lastKnownFileType = sourcecode.swift; path = TabBarController.swift; sourceTree = "<group>"; };
		5EBBAA532450C76300CD2B5E /* PrescriptionFormVC.swift */ = {isa = PBXFileReference; lastKnownFileType = sourcecode.swift; path = PrescriptionFormVC.swift; sourceTree = "<group>"; };
		5EBBAA552450C86500CD2B5E /* PrescriptionFormVM.swift */ = {isa = PBXFileReference; lastKnownFileType = sourcecode.swift; path = PrescriptionFormVM.swift; sourceTree = "<group>"; };
		5EBE6DF22486AF80001285FF /* DoseCellTypeView.swift */ = {isa = PBXFileReference; lastKnownFileType = sourcecode.swift; path = DoseCellTypeView.swift; sourceTree = "<group>"; };
		5ED44B332452061D00081B36 /* TextFieldWithValidatorCell.swift */ = {isa = PBXFileReference; lastKnownFileType = sourcecode.swift; path = TextFieldWithValidatorCell.swift; sourceTree = "<group>"; };
		5ED44B352452C7A500081B36 /* SelectorCell.swift */ = {isa = PBXFileReference; lastKnownFileType = sourcecode.swift; path = SelectorCell.swift; sourceTree = "<group>"; };
		5ED44B3724532EAE00081B36 /* AcceptButtonCell.swift */ = {isa = PBXFileReference; lastKnownFileType = sourcecode.swift; path = AcceptButtonCell.swift; sourceTree = "<group>"; };
		5ED44B3D2453401700081B36 /* en */ = {isa = PBXFileReference; lastKnownFileType = text.plist.strings; name = en; path = en.lproj/Localizable.strings; sourceTree = "<group>"; };
		5ED44B43245352AC00081B36 /* R.generated.swift */ = {isa = PBXFileReference; fileEncoding = 4; lastKnownFileType = sourcecode.swift; name = R.generated.swift; path = ViewLayer/Resources/R.Swift/R.generated.swift; sourceTree = SOURCE_ROOT; };
		5ED44B45245353EE00081B36 /* StringExtension.swift */ = {isa = PBXFileReference; fileEncoding = 4; lastKnownFileType = sourcecode.swift; path = StringExtension.swift; sourceTree = "<group>"; };
		5ED44B48245366C800081B36 /* MedicineInteractor.swift */ = {isa = PBXFileReference; lastKnownFileType = sourcecode.swift; path = MedicineInteractor.swift; sourceTree = "<group>"; };
		5ED44B4B2454158500081B36 /* DataManager.swift */ = {isa = PBXFileReference; fileEncoding = 4; lastKnownFileType = sourcecode.swift; path = DataManager.swift; sourceTree = "<group>"; };
		5ED44B4F2454165D00081B36 /* Presprciption.swift */ = {isa = PBXFileReference; lastKnownFileType = sourcecode.swift; path = Presprciption.swift; sourceTree = "<group>"; };
		5ED44B522454180300081B36 /* Interval.swift */ = {isa = PBXFileReference; lastKnownFileType = sourcecode.swift; path = Interval.swift; sourceTree = "<group>"; };
		5ED44B5724542F3F00081B36 /* HomePrescriptionView.swift */ = {isa = PBXFileReference; lastKnownFileType = sourcecode.swift; path = HomePrescriptionView.swift; sourceTree = "<group>"; };
		5ED44B592454541000081B36 /* HomePrescriptionVC.swift */ = {isa = PBXFileReference; lastKnownFileType = sourcecode.swift; path = HomePrescriptionVC.swift; sourceTree = "<group>"; };
		5EF5DDAB2491FF16000368F9 /* AppEnvironment.swift */ = {isa = PBXFileReference; fileEncoding = 4; lastKnownFileType = sourcecode.swift; path = AppEnvironment.swift; sourceTree = "<group>"; };
		5EF5DDAD24925261000368F9 /* AppEnvironmentUT.swift */ = {isa = PBXFileReference; lastKnownFileType = sourcecode.swift; path = AppEnvironmentUT.swift; sourceTree = "<group>"; };
		5EFE81012454C12800D44F53 /* PrescriptionFormVMTests.swift */ = {isa = PBXFileReference; lastKnownFileType = sourcecode.swift; path = PrescriptionFormVMTests.swift; sourceTree = "<group>"; };
		5EFE81052454CDE400D44F53 /* DataManagerMock.swift */ = {isa = PBXFileReference; lastKnownFileType = sourcecode.swift; path = DataManagerMock.swift; sourceTree = "<group>"; };
		5EFE81082454CF6D00D44F53 /* DataManagerTests.swift */ = {isa = PBXFileReference; lastKnownFileType = sourcecode.swift; path = DataManagerTests.swift; sourceTree = "<group>"; };
		5EFE810B2454D13D00D44F53 /* Resetable.swift */ = {isa = PBXFileReference; lastKnownFileType = sourcecode.swift; path = Resetable.swift; sourceTree = "<group>"; };
		5EFE810D2454F0AF00D44F53 /* BundleExtension.swift */ = {isa = PBXFileReference; lastKnownFileType = sourcecode.swift; path = BundleExtension.swift; sourceTree = "<group>"; };
		5EFF2155244F57BE00B77AE9 /* FirstPrescriptionVC.swift */ = {isa = PBXFileReference; lastKnownFileType = sourcecode.swift; path = FirstPrescriptionVC.swift; sourceTree = "<group>"; };
		5EFF2158244F5DD100B77AE9 /* FirstPresciptionCoordinator.swift */ = {isa = PBXFileReference; lastKnownFileType = sourcecode.swift; path = FirstPresciptionCoordinator.swift; sourceTree = "<group>"; };
		5EFF215F244F9ACE00B77AE9 /* DebugManager.swift */ = {isa = PBXFileReference; fileEncoding = 4; lastKnownFileType = sourcecode.swift; path = DebugManager.swift; sourceTree = "<group>"; };
		7AD86EE5D26121AE773DBB92 /* Pods_ePills.framework */ = {isa = PBXFileReference; explicitFileType = wrapper.framework; includeInIndex = 0; path = Pods_ePills.framework; sourceTree = BUILT_PRODUCTS_DIR; };
		8EC7044343D9321A4692F525 /* Pods-ePills.debug.xcconfig */ = {isa = PBXFileReference; includeInIndex = 1; lastKnownFileType = text.xcconfig; name = "Pods-ePills.debug.xcconfig"; path = "Target Support Files/Pods-ePills/Pods-ePills.debug.xcconfig"; sourceTree = "<group>"; };
		C555405584D4D9493D9D5A52 /* Pods-ePillsTests.release.xcconfig */ = {isa = PBXFileReference; includeInIndex = 1; lastKnownFileType = text.xcconfig; name = "Pods-ePillsTests.release.xcconfig"; path = "Target Support Files/Pods-ePillsTests/Pods-ePillsTests.release.xcconfig"; sourceTree = "<group>"; };
		CF0760AD3217645B40B20A34 /* Pods-ePillsTests.debug.xcconfig */ = {isa = PBXFileReference; includeInIndex = 1; lastKnownFileType = text.xcconfig; name = "Pods-ePillsTests.debug.xcconfig"; path = "Target Support Files/Pods-ePillsTests/Pods-ePillsTests.debug.xcconfig"; sourceTree = "<group>"; };
		E35F4D39E48EFB14C6CC183B /* Pods_ePillsTests.framework */ = {isa = PBXFileReference; explicitFileType = wrapper.framework; includeInIndex = 0; path = Pods_ePillsTests.framework; sourceTree = BUILT_PRODUCTS_DIR; };
		FDFCFB3CDF1B16A340275DBD /* Pods-ePills.release.xcconfig */ = {isa = PBXFileReference; includeInIndex = 1; lastKnownFileType = text.xcconfig; name = "Pods-ePills.release.xcconfig"; path = "Target Support Files/Pods-ePills/Pods-ePills.release.xcconfig"; sourceTree = "<group>"; };
/* End PBXFileReference section */

/* Begin PBXFrameworksBuildPhase section */
		5E6AB00E244B0F3F00F162EB /* Frameworks */ = {
			isa = PBXFrameworksBuildPhase;
			buildActionMask = 2147483647;
			files = (
				0A63076FDFD4C0E744E7238D /* Pods_ePills.framework in Frameworks */,
			);
			runOnlyForDeploymentPostprocessing = 0;
		};
		5E6AB024244B0F4200F162EB /* Frameworks */ = {
			isa = PBXFrameworksBuildPhase;
			buildActionMask = 2147483647;
			files = (
				3617ECEE8974CC1955656F55 /* Pods_ePillsTests.framework in Frameworks */,
			);
			runOnlyForDeploymentPostprocessing = 0;
		};
/* End PBXFrameworksBuildPhase section */

/* Begin PBXGroup section */
		50A2FA9D58719841D71C977C /* Frameworks */ = {
			isa = PBXGroup;
			children = (
				7AD86EE5D26121AE773DBB92 /* Pods_ePills.framework */,
				E35F4D39E48EFB14C6CC183B /* Pods_ePillsTests.framework */,
			);
			name = Frameworks;
			sourceTree = "<group>";
		};
		5E09966F247F7D1A0069D197 /* MedicineCalendarView */ = {
			isa = PBXGroup;
			children = (
				5E685C6F247AEB3D008539D9 /* MedicineCalendarView.swift */,
				5E0E7D25248693110086C0E8 /* CalendarHeaderView.swift */,
				5E685C71247B08BF008539D9 /* CalendarView.swift */,
				5E09966D247CEEF80069D197 /* CalendarCell.swift */,
			);
			path = MedicineCalendarView;
			sourceTree = "<group>";
		};
		5E099672247F86120069D197 /* MedicineCalendar */ = {
			isa = PBXGroup;
			children = (
				5E099673247F864B0069D197 /* MedicineCalentarUT.swift */,
			);
			path = MedicineCalendar;
			sourceTree = "<group>";
		};
		5E0E7D1E248686310086C0E8 /* DoseList */ = {
			isa = PBXGroup;
			children = (
				5E2C5275248CF524003DDD89 /* DoseListView */,
				5E0E7D1F2486865D0086C0E8 /* DoseListVC.swift */,
				5E0E7D21248686FD0086C0E8 /* DoseListVM.swift */,
				5E0E7D27248696580086C0E8 /* DoseCellViewModel.swift */,
			);
			path = DoseList;
			sourceTree = "<group>";
		};
		5E2C5275248CF524003DDD89 /* DoseListView */ = {
			isa = PBXGroup;
			children = (
				5E0E7D232486898C0086C0E8 /* DoseListView.swift */,
				5E312963248CFCD0002241AF /* DoseListCellView.swift */,
				5EBE6DF22486AF80001285FF /* DoseCellTypeView.swift */,
			);
			path = DoseListView;
			sourceTree = "<group>";
		};
		5E3B7AD52459FE1700541AB4 /* DomainLayer */ = {
			isa = PBXGroup;
			children = (
				5E685C60247A487B008539D9 /* Coordinator */,
				5E5514BC2468379600E97DF4 /* Managers */,
				5E3B7AD62459FE3F00541AB4 /* Interactors */,
			);
			path = DomainLayer;
			sourceTree = "<group>";
		};
		5E3B7AD62459FE3F00541AB4 /* Interactors */ = {
			isa = PBXGroup;
			children = (
				5E3B7AD72459FEBA00541AB4 /* MedicineInteractorUT.swift */,
			);
			path = Interactors;
			sourceTree = "<group>";
		};
		5E3B7AD9245A268600541AB4 /* DomainLayer */ = {
			isa = PBXGroup;
			children = (
				5E5514BF246839CE00E97DF4 /* Managers */,
				5E3B7AE0245AD7C400541AB4 /* Coordinators */,
				5E3B7ADA245A268D00541AB4 /* Interactors */,
			);
			path = DomainLayer;
			sourceTree = "<group>";
		};
		5E3B7ADA245A268D00541AB4 /* Interactors */ = {
			isa = PBXGroup;
			children = (
				5E3B7ADB245A26A000541AB4 /* MedicineInteractorMock.swift */,
			);
			path = Interactors;
			sourceTree = "<group>";
		};
		5E3B7ADD245A31F600541AB4 /* HomePrescription */ = {
			isa = PBXGroup;
			children = (
				5E3B7ADE245A327A00541AB4 /* HomePrescriptionVMTest.swift */,
			);
			path = HomePrescription;
			sourceTree = "<group>";
		};
		5E3B7AE0245AD7C400541AB4 /* Coordinators */ = {
			isa = PBXGroup;
			children = (
				5E3B7AE1245AD7D300541AB4 /* HomeCoordinatorMock.swift */,
			);
			path = Coordinators;
			sourceTree = "<group>";
		};
		5E3B7AE3245AF2B000541AB4 /* HomePrescriptionView */ = {
			isa = PBXGroup;
			children = (
				5ED44B5724542F3F00081B36 /* HomePrescriptionView.swift */,
				5E8D54D1248E870100E21145 /* ArcShape.swift */,
				5E8EECEA2458D2B600398832 /* MedicineHomePageView.swift */,
				5EB5DA83245DC41E0009EA75 /* PrescriptionButtonView.swift */,
			);
			path = HomePrescriptionView;
			sourceTree = "<group>";
		};
		5E4473C4246EF7E000D997A6 /* DBManager */ = {
			isa = PBXGroup;
			children = (
				5E4473C7246EF82D00D997A6 /* DBManager.swift */,
				5E4473C6246EF7F500D997A6 /* Realm */,
				5E4473C5246EF7ED00D997A6 /* Models */,
			);
			path = DBManager;
			sourceTree = "<group>";
		};
		5E4473C5246EF7ED00D997A6 /* Models */ = {
			isa = PBXGroup;
			children = (
				5E4473CB246EF85100D997A6 /* CycleDB.swift */,
				5E4473CC246EF85100D997A6 /* DoseDB.swift */,
				5E4473CE246EF85100D997A6 /* MedicineDB.swift */,
				5E4473CD246EF85100D997A6 /* PrescriptionDB.swift */,
			);
			path = Models;
			sourceTree = "<group>";
		};
		5E4473C6246EF7F500D997A6 /* Realm */ = {
			isa = PBXGroup;
			children = (
				5E4473C9246EF83B00D997A6 /* RealmConfig.swift */,
			);
			path = Realm;
			sourceTree = "<group>";
		};
		5E4473D7246EFF5000D997A6 /* DBManager */ = {
			isa = PBXGroup;
			children = (
				5E4473DB246F014300D997A6 /* DBManagerTests.swift */,
				5E4473D8246EFF9A00D997A6 /* Models */,
			);
			path = DBManager;
			sourceTree = "<group>";
		};
		5E4473D8246EFF9A00D997A6 /* Models */ = {
			isa = PBXGroup;
			children = (
				5E4473D9246EFFBD00D997A6 /* MedicineDBTests.swift */,
				5E4473DD246F369900D997A6 /* CycleDBTests.swift */,
			);
			path = Models;
			sourceTree = "<group>";
		};
		5E55149B2464A93400E97DF4 /* Sequencer */ = {
			isa = PBXGroup;
			children = (
				5E55149E2464AA0300E97DF4 /* Operations */,
				5E55149C2464A9FE00E97DF4 /* StartUpAppSequencer.swift */,
			);
			path = Sequencer;
			sourceTree = "<group>";
		};
		5E55149E2464AA0300E97DF4 /* Operations */ = {
			isa = PBXGroup;
			children = (
				5E5514A12464AA3800E97DF4 /* ConcurrentOperation.swift */,
				5E55149F2464AA3800E97DF4 /* PresentMainAppOperation.swift */,
				5E5514A02464AA3800E97DF4 /* RequestNotificationPermissionOp.swift */,
			);
			path = Operations;
			sourceTree = "<group>";
		};
		5E5514A92464B73A00E97DF4 /* Storyboards */ = {
			isa = PBXGroup;
			children = (
				5E5514AA2464B75500E97DF4 /* Main.storyboard */,
			);
			path = Storyboards;
			sourceTree = "<group>";
		};
		5E5514BC2468379600E97DF4 /* Managers */ = {
			isa = PBXGroup;
			children = (
			);
			path = Managers;
			sourceTree = "<group>";
		};
		5E5514BF246839CE00E97DF4 /* Managers */ = {
			isa = PBXGroup;
			children = (
			);
			path = Managers;
			sourceTree = "<group>";
		};
		5E685C60247A487B008539D9 /* Coordinator */ = {
			isa = PBXGroup;
			children = (
				5E685C61247A4891008539D9 /* MainFlowCoordinatorTests.swift */,
			);
			path = Coordinator;
			sourceTree = "<group>";
		};
		5E685C63247A9B22008539D9 /* AppSetup */ = {
			isa = PBXGroup;
			children = (
				5E685C64247A9B4A008539D9 /* AppSetupVC.swift */,
				5E685C66247A9B8F008539D9 /* AppSetupView.swift */,
				5E685C6A247ABFFA008539D9 /* AppSetupVM.swift */,
			);
			path = AppSetup;
			sourceTree = "<group>";
		};
		5E685C6C247AE9FA008539D9 /* MedicineCalendar */ = {
			isa = PBXGroup;
			children = (
				5E09966F247F7D1A0069D197 /* MedicineCalendarView */,
				5E099670247F7D390069D197 /* MedicineCalendarVM.swift */,
				5E685C6D247AEAAC008539D9 /* MedicineCalendarVC.swift */,
			);
			path = MedicineCalendar;
			sourceTree = "<group>";
		};
		5E6AB008244B0F3F00F162EB = {
			isa = PBXGroup;
			children = (
				5E6AB013244B0F3F00F162EB /* ePills */,
				5E6AB02A244B0F4200F162EB /* ePillsTests */,
				5E6AB012244B0F3F00F162EB /* Products */,
				A8DE4281F0637BB071D32214 /* Pods */,
				50A2FA9D58719841D71C977C /* Frameworks */,
			);
			sourceTree = "<group>";
		};
		5E6AB012244B0F3F00F162EB /* Products */ = {
			isa = PBXGroup;
			children = (
				5E6AB011244B0F3F00F162EB /* ePills-Debug.app */,
				5E6AB027244B0F4200F162EB /* ePillsTests.xctest */,
			);
			name = Products;
			sourceTree = "<group>";
		};
		5E6AB013244B0F3F00F162EB /* ePills */ = {
			isa = PBXGroup;
			children = (
				5EF5DDAB2491FF16000368F9 /* AppEnvironment.swift */,
				5E6AB037244B139500F162EB /* ViewLayer */,
				5EFF2157244F5CE100B77AE9 /* DomainLayer */,
				5ED44B4A2454154F00081B36 /* DataLayer */,
				5E6AB014244B0F3F00F162EB /* AppDelegate.swift */,
				5E6AB016244B0F3F00F162EB /* SceneDelegate.swift */,
				5E6AB01F244B0F4200F162EB /* LaunchScreen.storyboard */,
				5E6AB022244B0F4200F162EB /* Info.plist */,
				5E6AB01C244B0F4200F162EB /* Preview Content */,
			);
			path = ePills;
			sourceTree = "<group>";
		};
		5E6AB01C244B0F4200F162EB /* Preview Content */ = {
			isa = PBXGroup;
			children = (
				5E6AB01D244B0F4200F162EB /* Preview Assets.xcassets */,
			);
			path = "Preview Content";
			sourceTree = "<group>";
		};
		5E6AB02A244B0F4200F162EB /* ePillsTests */ = {
			isa = PBXGroup;
			children = (
				5EFE81032454CDAA00D44F53 /* Mocks */,
				5EFE80FF2454BD3300D44F53 /* ViewLayer */,
				5E3B7AD52459FE1700541AB4 /* DomainLayer */,
				5EFE81072454CEB200D44F53 /* DataLayer */,
				5E6AB02D244B0F4200F162EB /* Info.plist */,
				5EF5DDAD24925261000368F9 /* AppEnvironmentUT.swift */,
			);
			path = ePillsTests;
			sourceTree = "<group>";
		};
		5E6AB037244B139500F162EB /* ViewLayer */ = {
			isa = PBXGroup;
			children = (
				5ED44B5B245458D100081B36 /* Controllers */,
				5EFF215A244F97F800B77AE9 /* Extensions */,
				5E6AB048244B609600F162EB /* Common */,
				5E6AB038244B13A100F162EB /* Resources */,
			);
			path = ViewLayer;
			sourceTree = "<group>";
		};
		5E6AB038244B13A100F162EB /* Resources */ = {
			isa = PBXGroup;
			children = (
				5E5514A92464B73A00E97DF4 /* Storyboards */,
				5ED44B3924533E0200081B36 /* Texts */,
				5E6AB01A244B0F4200F162EB /* Assets.xcassets */,
				5E6AB039244B13AA00F162EB /* R.Swift */,
			);
			path = Resources;
			sourceTree = "<group>";
		};
		5E6AB039244B13AA00F162EB /* R.Swift */ = {
			isa = PBXGroup;
			children = (
				5ED44B43245352AC00081B36 /* R.generated.swift */,
			);
			path = R.Swift;
			sourceTree = "<group>";
		};
		5E6AB042244B43CC00F162EB /* FirstPrescription */ = {
			isa = PBXGroup;
			children = (
				5EFF2155244F57BE00B77AE9 /* FirstPrescriptionVC.swift */,
				5E6AB03D244B245F00F162EB /* FirstPrescriptionView.swift */,
				5ED44B5C24545E7C00081B36 /* FirstPrescriptionView */,
			);
			path = FirstPrescription;
			sourceTree = "<group>";
		};
		5E6AB045244B4EF300F162EB /* PrescriptionForm */ = {
			isa = PBXGroup;
			children = (
				5ED44B51245416A900081B36 /* PrescriptionFormView */,
				5EBBAA532450C76300CD2B5E /* PrescriptionFormVC.swift */,
				5EBBAA552450C86500CD2B5E /* PrescriptionFormVM.swift */,
			);
			path = PrescriptionForm;
			sourceTree = "<group>";
		};
		5E6AB048244B609600F162EB /* Common */ = {
			isa = PBXGroup;
			children = (
				5E6AB049244B60A800F162EB /* BackgroundView.swift */,
				5E8EECE42456B65900398832 /* PageView.swift */,
				5E6AB051244BA75300F162EB /* NavigationBarModifier.swift */,
			);
			path = Common;
			sourceTree = "<group>";
		};
		5E8EECE12456256500398832 /* Model */ = {
			isa = PBXGroup;
			children = (
				5E8EECE22456258600398832 /* PrescriptionTests.swift */,
				5E4473D3246EF9FF00D997A6 /* CycleTests.swift */,
				5E4473D4246EF9FF00D997A6 /* MedicineTests.swift */,
			);
			path = Model;
			sourceTree = "<group>";
		};
		5EA36B1724880B75003DE6B0 /* DoseList */ = {
			isa = PBXGroup;
			children = (
				5EB91A1124937B0F005A082C /* UTDoseListVM.swift */,
			);
			path = DoseList;
			sourceTree = "<group>";
		};
		5ED44B3924533E0200081B36 /* Texts */ = {
			isa = PBXGroup;
			children = (
				5ED44B3E2453401700081B36 /* Localizable.strings */,
			);
			path = Texts;
			sourceTree = "<group>";
		};
		5ED44B472453669400081B36 /* Interactors */ = {
			isa = PBXGroup;
			children = (
				5ED44B48245366C800081B36 /* MedicineInteractor.swift */,
			);
			path = Interactors;
			sourceTree = "<group>";
		};
		5ED44B4A2454154F00081B36 /* DataLayer */ = {
			isa = PBXGroup;
			children = (
				5ED44B4B2454158500081B36 /* DataManager.swift */,
				5E4473C4246EF7E000D997A6 /* DBManager */,
				5EFE810A2454D11B00D44F53 /* Protocols */,
				5ED44B4D245415C100081B36 /* Models */,
			);
			path = DataLayer;
			sourceTree = "<group>";
		};
		5ED44B4D245415C100081B36 /* Models */ = {
			isa = PBXGroup;
			children = (
				5ED44B4F2454165D00081B36 /* Presprciption.swift */,
				5ED44B522454180300081B36 /* Interval.swift */,
				5E4473C0246EF00B00D997A6 /* Cycle.swift */,
				5E4473C2246EF2EF00D997A6 /* Medicine.swift */,
				5E4473BE246EEFE200D997A6 /* Dose.swift */,
			);
			path = Models;
			sourceTree = "<group>";
		};
		5ED44B51245416A900081B36 /* PrescriptionFormView */ = {
			isa = PBXGroup;
			children = (
				5E6AB046244B4F5E00F162EB /* PrescriptionFormView.swift */,
				5ED44B332452061D00081B36 /* TextFieldWithValidatorCell.swift */,
				5ED44B3724532EAE00081B36 /* AcceptButtonCell.swift */,
				5ED44B352452C7A500081B36 /* SelectorCell.swift */,
			);
			path = PrescriptionFormView;
			sourceTree = "<group>";
		};
		5ED44B5424542EED00081B36 /* HomePrescription */ = {
			isa = PBXGroup;
			children = (
				5E3B7AE3245AF2B000541AB4 /* HomePrescriptionView */,
				5EBBAA4F2450A08E00CD2B5E /* TabBarController.swift */,
				5ED44B592454541000081B36 /* HomePrescriptionVC.swift */,
				5E8EECE62456CFD600398832 /* HomePrescriptionVM.swift */,
			);
			path = HomePrescription;
			sourceTree = "<group>";
		};
		5ED44B5B245458D100081B36 /* Controllers */ = {
			isa = PBXGroup;
			children = (
				5E0E7D1E248686310086C0E8 /* DoseList */,
				5E685C6C247AE9FA008539D9 /* MedicineCalendar */,
				5E685C63247A9B22008539D9 /* AppSetup */,
				5ED44B5424542EED00081B36 /* HomePrescription */,
				5E6AB045244B4EF300F162EB /* PrescriptionForm */,
				5E6AB042244B43CC00F162EB /* FirstPrescription */,
			);
			path = Controllers;
			sourceTree = "<group>";
		};
		5ED44B5C24545E7C00081B36 /* FirstPrescriptionView */ = {
			isa = PBXGroup;
			children = (
				5E6AB04D244BA32200F162EB /* MessageView.swift */,
				5E6AB04F244BA35D00F162EB /* AddPrescriptionView.swift */,
			);
			path = FirstPrescriptionView;
			sourceTree = "<group>";
		};
		5EF5DDAF249253F2000368F9 /* Firebase */ = {
			isa = PBXGroup;
			children = (
				5EB91A0B24926E36005A082C /* GoogleService-Info-Debug.plist */,
				5EB91A0D24927080005A082C /* GoogleService-Info-Prod.plist */,
				5EB91A142493A15A005A082C /* GoogleService-Info.plist */,
				5EB91A0724926027005A082C /* FirebaseManager.swift */,
			);
			path = Firebase;
			sourceTree = "<group>";
		};
		5EFE80FF2454BD3300D44F53 /* ViewLayer */ = {
			isa = PBXGroup;
			children = (
				5EA36B1724880B75003DE6B0 /* DoseList */,
				5E099672247F86120069D197 /* MedicineCalendar */,
				5E3B7ADD245A31F600541AB4 /* HomePrescription */,
				5EFE81002454BE6400D44F53 /* PrescriptionForm */,
			);
			path = ViewLayer;
			sourceTree = "<group>";
		};
		5EFE81002454BE6400D44F53 /* PrescriptionForm */ = {
			isa = PBXGroup;
			children = (
				5EFE81012454C12800D44F53 /* PrescriptionFormVMTests.swift */,
			);
			path = PrescriptionForm;
			sourceTree = "<group>";
		};
		5EFE81032454CDAA00D44F53 /* Mocks */ = {
			isa = PBXGroup;
			children = (
				5E3B7AD9245A268600541AB4 /* DomainLayer */,
				5EFE81042454CDB700D44F53 /* DataLayer */,
			);
			path = Mocks;
			sourceTree = "<group>";
		};
		5EFE81042454CDB700D44F53 /* DataLayer */ = {
			isa = PBXGroup;
			children = (
				5EFE81052454CDE400D44F53 /* DataManagerMock.swift */,
			);
			path = DataLayer;
			sourceTree = "<group>";
		};
		5EFE81072454CEB200D44F53 /* DataLayer */ = {
			isa = PBXGroup;
			children = (
				5EFE81082454CF6D00D44F53 /* DataManagerTests.swift */,
				5E4473D7246EFF5000D997A6 /* DBManager */,
				5E8EECE12456256500398832 /* Model */,
			);
			path = DataLayer;
			sourceTree = "<group>";
		};
		5EFE810A2454D11B00D44F53 /* Protocols */ = {
			isa = PBXGroup;
			children = (
				5EFE810B2454D13D00D44F53 /* Resetable.swift */,
			);
			path = Protocols;
			sourceTree = "<group>";
		};
		5EFF2157244F5CE100B77AE9 /* DomainLayer */ = {
			isa = PBXGroup;
			children = (
				5E55149B2464A93400E97DF4 /* Sequencer */,
				5ED44B472453669400081B36 /* Interactors */,
				5EFF215E244F9A7600B77AE9 /* Managers */,
				5EFF215D244F99F400B77AE9 /* Coordinators */,
			);
			path = DomainLayer;
			sourceTree = "<group>";
		};
		5EFF215A244F97F800B77AE9 /* Extensions */ = {
			isa = PBXGroup;
			children = (
				5ED44B45245353EE00081B36 /* StringExtension.swift */,
				5EFE810D2454F0AF00D44F53 /* BundleExtension.swift */,
				5E5514A72464AE7900E97DF4 /* UIApplicationExtension.swift */,
				5E5514BA2468101000E97DF4 /* DateExtension.swift */,
			);
			path = Extensions;
			sourceTree = "<group>";
		};
		5EFF215D244F99F400B77AE9 /* Coordinators */ = {
			isa = PBXGroup;
			children = (
				5E5514A52464AC1000E97DF4 /* MainFlowCoordinator.swift */,
				5EFF2158244F5DD100B77AE9 /* FirstPresciptionCoordinator.swift */,
				5E8EECE8245741A200398832 /* HomeCoordinator.swift */,
				5E685C68247A9C00008539D9 /* AppConfigurationCoordinator.swift */,
			);
			path = Coordinators;
			sourceTree = "<group>";
		};
		5EFF215E244F9A7600B77AE9 /* Managers */ = {
			isa = PBXGroup;
			children = (
				5EF5DDAF249253F2000368F9 /* Firebase */,
				5EFF215F244F9ACE00B77AE9 /* DebugManager.swift */,
				5EB91A0F24928D14005A082C /* AnalyticsManager.swift */,
				5E5514992464A5EF00E97DF4 /* LocalNotificationManager.swift */,
				5EB5DA952461D06E0009EA75 /* TimeManager.swift */,
			);
			path = Managers;
			sourceTree = "<group>";
		};
		A8DE4281F0637BB071D32214 /* Pods */ = {
			isa = PBXGroup;
			children = (
				8EC7044343D9321A4692F525 /* Pods-ePills.debug.xcconfig */,
				FDFCFB3CDF1B16A340275DBD /* Pods-ePills.release.xcconfig */,
				CF0760AD3217645B40B20A34 /* Pods-ePillsTests.debug.xcconfig */,
				C555405584D4D9493D9D5A52 /* Pods-ePillsTests.release.xcconfig */,
			);
			path = Pods;
			sourceTree = "<group>";
		};
/* End PBXGroup section */

/* Begin PBXNativeTarget section */
		5E6AB010244B0F3F00F162EB /* ePills */ = {
			isa = PBXNativeTarget;
			buildConfigurationList = 5E6AB030244B0F4200F162EB /* Build configuration list for PBXNativeTarget "ePills" */;
			buildPhases = (
				E12C4D0ACCAD4E140F3C7BCD /* [CP] Check Pods Manifest.lock */,
				5E6AB036244B135300F162EB /* R.Swift */,
				5E6AB00D244B0F3F00F162EB /* Sources */,
				5E6AB00E244B0F3F00F162EB /* Frameworks */,
				5E6AB00F244B0F3F00F162EB /* Resources */,
				34D4CFE3C0F2A9BEE8FC4F50 /* [CP] Embed Pods Frameworks */,
				5E2C5274248CEDC4003DDD89 /* SwiftLint */,
				5EB91A1324939970005A082C /* Firebase Crashlytics */,
			);
			buildRules = (
			);
			dependencies = (
			);
			name = ePills;
			packageProductDependencies = (
			);
			productName = ePills;
			productReference = 5E6AB011244B0F3F00F162EB /* ePills-Debug.app */;
			productType = "com.apple.product-type.application";
		};
		5E6AB026244B0F4200F162EB /* ePillsTests */ = {
			isa = PBXNativeTarget;
			buildConfigurationList = 5E6AB033244B0F4200F162EB /* Build configuration list for PBXNativeTarget "ePillsTests" */;
			buildPhases = (
				12A48DC8803B7E9F0A6F8E3A /* [CP] Check Pods Manifest.lock */,
				5E6AB023244B0F4200F162EB /* Sources */,
				5E6AB024244B0F4200F162EB /* Frameworks */,
				5E6AB025244B0F4200F162EB /* Resources */,
			);
			buildRules = (
			);
			dependencies = (
				5E6AB029244B0F4200F162EB /* PBXTargetDependency */,
			);
			name = ePillsTests;
			productName = ePillsTests;
			productReference = 5E6AB027244B0F4200F162EB /* ePillsTests.xctest */;
			productType = "com.apple.product-type.bundle.unit-test";
		};
/* End PBXNativeTarget section */

/* Begin PBXProject section */
		5E6AB009244B0F3F00F162EB /* Project object */ = {
			isa = PBXProject;
			attributes = {
				LastSwiftUpdateCheck = 1130;
				LastUpgradeCheck = 1130;
				ORGANIZATIONNAME = "Javier Calatrava";
				TargetAttributes = {
					5E6AB010244B0F3F00F162EB = {
						CreatedOnToolsVersion = 11.3;
					};
					5E6AB026244B0F4200F162EB = {
						CreatedOnToolsVersion = 11.3;
						TestTargetID = 5E6AB010244B0F3F00F162EB;
					};
				};
			};
			buildConfigurationList = 5E6AB00C244B0F3F00F162EB /* Build configuration list for PBXProject "ePills" */;
			compatibilityVersion = "Xcode 9.3";
			developmentRegion = en;
			hasScannedForEncodings = 0;
			knownRegions = (
				en,
				Base,
				es,
			);
			mainGroup = 5E6AB008244B0F3F00F162EB;
			packageReferences = (
			);
			productRefGroup = 5E6AB012244B0F3F00F162EB /* Products */;
			projectDirPath = "";
			projectRoot = "";
			targets = (
				5E6AB010244B0F3F00F162EB /* ePills */,
				5E6AB026244B0F4200F162EB /* ePillsTests */,
			);
		};
/* End PBXProject section */

/* Begin PBXResourcesBuildPhase section */
		5E6AB00F244B0F3F00F162EB /* Resources */ = {
			isa = PBXResourcesBuildPhase;
			buildActionMask = 2147483647;
			files = (
				5EB91A0E24927081005A082C /* GoogleService-Info-Prod.plist in Resources */,
				5EB91A152493A15A005A082C /* GoogleService-Info.plist in Resources */,
				5E6AB021244B0F4200F162EB /* LaunchScreen.storyboard in Resources */,
				5EB91A0C24926E36005A082C /* GoogleService-Info-Debug.plist in Resources */,
				5E5514AB2464B75500E97DF4 /* Main.storyboard in Resources */,
				5ED44B3C2453401700081B36 /* Localizable.strings in Resources */,
				5E6AB01E244B0F4200F162EB /* Preview Assets.xcassets in Resources */,
				5E6AB01B244B0F4200F162EB /* Assets.xcassets in Resources */,
			);
			runOnlyForDeploymentPostprocessing = 0;
		};
		5E6AB025244B0F4200F162EB /* Resources */ = {
			isa = PBXResourcesBuildPhase;
			buildActionMask = 2147483647;
			files = (
			);
			runOnlyForDeploymentPostprocessing = 0;
		};
/* End PBXResourcesBuildPhase section */

/* Begin PBXShellScriptBuildPhase section */
		12A48DC8803B7E9F0A6F8E3A /* [CP] Check Pods Manifest.lock */ = {
			isa = PBXShellScriptBuildPhase;
			buildActionMask = 2147483647;
			files = (
			);
			inputFileListPaths = (
			);
			inputPaths = (
				"${PODS_PODFILE_DIR_PATH}/Podfile.lock",
				"${PODS_ROOT}/Manifest.lock",
			);
			name = "[CP] Check Pods Manifest.lock";
			outputFileListPaths = (
			);
			outputPaths = (
				"$(DERIVED_FILE_DIR)/Pods-ePillsTests-checkManifestLockResult.txt",
			);
			runOnlyForDeploymentPostprocessing = 0;
			shellPath = /bin/sh;
			shellScript = "diff \"${PODS_PODFILE_DIR_PATH}/Podfile.lock\" \"${PODS_ROOT}/Manifest.lock\" > /dev/null\nif [ $? != 0 ] ; then\n    # print error to STDERR\n    echo \"error: The sandbox is not in sync with the Podfile.lock. Run 'pod install' or update your CocoaPods installation.\" >&2\n    exit 1\nfi\n# This output is used by Xcode 'outputs' to avoid re-running this script phase.\necho \"SUCCESS\" > \"${SCRIPT_OUTPUT_FILE_0}\"\n";
			showEnvVarsInLog = 0;
		};
		34D4CFE3C0F2A9BEE8FC4F50 /* [CP] Embed Pods Frameworks */ = {
			isa = PBXShellScriptBuildPhase;
			buildActionMask = 2147483647;
			files = (
			);
			inputFileListPaths = (
				"${PODS_ROOT}/Target Support Files/Pods-ePills/Pods-ePills-frameworks-${CONFIGURATION}-input-files.xcfilelist",
			);
			name = "[CP] Embed Pods Frameworks";
			outputFileListPaths = (
				"${PODS_ROOT}/Target Support Files/Pods-ePills/Pods-ePills-frameworks-${CONFIGURATION}-output-files.xcfilelist",
			);
			runOnlyForDeploymentPostprocessing = 0;
			shellPath = /bin/sh;
			shellScript = "\"${PODS_ROOT}/Target Support Files/Pods-ePills/Pods-ePills-frameworks.sh\"\n";
			showEnvVarsInLog = 0;
		};
		5E2C5274248CEDC4003DDD89 /* SwiftLint */ = {
			isa = PBXShellScriptBuildPhase;
			buildActionMask = 2147483647;
			files = (
			);
			inputFileListPaths = (
			);
			inputPaths = (
			);
			name = SwiftLint;
			outputFileListPaths = (
			);
			outputPaths = (
			);
			runOnlyForDeploymentPostprocessing = 0;
			shellPath = /bin/sh;
			shellScript = "if which \"${PODS_ROOT}/SwiftLint/swiftlint\" >/dev/null; then\n    \"${PODS_ROOT}/SwiftLint/swiftlint\" lint --config .swiftlint.yml\nelse\n    echo \"warning: SwiftLint not installed, download from https://github.com/realm/SwiftLint\"\nfi\n";
		};
		5E6AB036244B135300F162EB /* R.Swift */ = {
			isa = PBXShellScriptBuildPhase;
			buildActionMask = 2147483647;
			files = (
			);
			inputFileListPaths = (
			);
			inputPaths = (
				"$TEMP_DIR/rswift-lastrun",
			);
			name = R.Swift;
			outputFileListPaths = (
			);
			outputPaths = (
				$SRCROOT/ViewLayer/Resources/R.Swift/R.generated.swift,
			);
			runOnlyForDeploymentPostprocessing = 0;
			shellPath = /bin/sh;
			shellScript = "echo \">>>>>>>>>>>>>>>> R.Swift >>>>>>>>>>>>>>>>>>>>>>\"\n\"$PODS_ROOT/R.swift/rswift\" generate \"$SRCROOT/ViewLayer/Resources/R.Swift/R.generated.swift\"\n#ls -la \"$SRCROOT/ViewLayer/R.generated.swift\"\necho \"<<<<<<<<<<<<<<<<<<<<<<<<<<<<<<<<<<<<<<<<<<<<<<\"\n";
		};
		5EB91A1324939970005A082C /* Firebase Crashlytics */ = {
			isa = PBXShellScriptBuildPhase;
			buildActionMask = 2147483647;
			files = (
			);
			inputFileListPaths = (
			);
			inputPaths = (
				"${DWARF_DSYM_FOLDER_PATH}/${DWARF_DSYM_FILE_NAME}/Contents/Resources/DWARF/${TARGET_NAME}",
				"$(SRCROOT)/$(BUILT_PRODUCTS_DIR)/$(INFOPLIST_PATH)",
			);
			name = "Firebase Crashlytics";
			outputFileListPaths = (
			);
			outputPaths = (
			);
			runOnlyForDeploymentPostprocessing = 0;
			shellPath = /bin/sh;
			shellScript = "# Type a script or drag a script file from your workspace to insert its path.\n\"${PODS_ROOT}/FirebaseCrashlytics/run\"\n";
		};
		E12C4D0ACCAD4E140F3C7BCD /* [CP] Check Pods Manifest.lock */ = {
			isa = PBXShellScriptBuildPhase;
			buildActionMask = 2147483647;
			files = (
			);
			inputFileListPaths = (
			);
			inputPaths = (
				"${PODS_PODFILE_DIR_PATH}/Podfile.lock",
				"${PODS_ROOT}/Manifest.lock",
			);
			name = "[CP] Check Pods Manifest.lock";
			outputFileListPaths = (
			);
			outputPaths = (
				"$(DERIVED_FILE_DIR)/Pods-ePills-checkManifestLockResult.txt",
			);
			runOnlyForDeploymentPostprocessing = 0;
			shellPath = /bin/sh;
			shellScript = "diff \"${PODS_PODFILE_DIR_PATH}/Podfile.lock\" \"${PODS_ROOT}/Manifest.lock\" > /dev/null\nif [ $? != 0 ] ; then\n    # print error to STDERR\n    echo \"error: The sandbox is not in sync with the Podfile.lock. Run 'pod install' or update your CocoaPods installation.\" >&2\n    exit 1\nfi\n# This output is used by Xcode 'outputs' to avoid re-running this script phase.\necho \"SUCCESS\" > \"${SCRIPT_OUTPUT_FILE_0}\"\n";
			showEnvVarsInLog = 0;
		};
/* End PBXShellScriptBuildPhase section */

/* Begin PBXSourcesBuildPhase section */
		5E6AB00D244B0F3F00F162EB /* Sources */ = {
			isa = PBXSourcesBuildPhase;
			buildActionMask = 2147483647;
			files = (
				5E4473BF246EEFE200D997A6 /* Dose.swift in Sources */,
				5E4473CF246EF85100D997A6 /* CycleDB.swift in Sources */,
				5E5514A22464AA3800E97DF4 /* PresentMainAppOperation.swift in Sources */,
				5ED44B5824542F3F00081B36 /* HomePrescriptionView.swift in Sources */,
				5ED44B362452C7A500081B36 /* SelectorCell.swift in Sources */,
				5E0E7D242486898C0086C0E8 /* DoseListView.swift in Sources */,
				5E55149A2464A5EF00E97DF4 /* LocalNotificationManager.swift in Sources */,
				5EFE810E2454F0AF00D44F53 /* BundleExtension.swift in Sources */,
				5E4473D2246EF85100D997A6 /* MedicineDB.swift in Sources */,
				5E5514A62464AC1000E97DF4 /* MainFlowCoordinator.swift in Sources */,
				5E55149D2464A9FE00E97DF4 /* StartUpAppSequencer.swift in Sources */,
				5E6AB04A244B60A800F162EB /* BackgroundView.swift in Sources */,
				5E0E7D202486865D0086C0E8 /* DoseListVC.swift in Sources */,
				5ED44B49245366C800081B36 /* MedicineInteractor.swift in Sources */,
				5E685C65247A9B4A008539D9 /* AppSetupVC.swift in Sources */,
				5EB5DA962461D06E0009EA75 /* TimeManager.swift in Sources */,
				5E0E7D26248693110086C0E8 /* CalendarHeaderView.swift in Sources */,
				5E8D54D2248E870100E21145 /* ArcShape.swift in Sources */,
				5E685C6B247ABFFA008539D9 /* AppSetupVM.swift in Sources */,
				5EBBAA562450C86500CD2B5E /* PrescriptionFormVM.swift in Sources */,
				5E685C70247AEB3D008539D9 /* MedicineCalendarView.swift in Sources */,
				5ED44B4C2454158500081B36 /* DataManager.swift in Sources */,
				5EB91A1024928D14005A082C /* AnalyticsManager.swift in Sources */,
				5EBBAA542450C76300CD2B5E /* PrescriptionFormVC.swift in Sources */,
				5E5514A42464AA3800E97DF4 /* ConcurrentOperation.swift in Sources */,
				5E09966E247CEEF80069D197 /* CalendarCell.swift in Sources */,
				5E4473C3246EF2EF00D997A6 /* Medicine.swift in Sources */,
				5E6AB052244BA75300F162EB /* NavigationBarModifier.swift in Sources */,
				5ED44B502454165D00081B36 /* Presprciption.swift in Sources */,
				5EBBAA502450A08E00CD2B5E /* TabBarController.swift in Sources */,
				5E4473CA246EF83B00D997A6 /* RealmConfig.swift in Sources */,
				5E5514BB2468101000E97DF4 /* DateExtension.swift in Sources */,
				5E685C6E247AEAAC008539D9 /* MedicineCalendarVC.swift in Sources */,
				5ED44B44245352AC00081B36 /* R.generated.swift in Sources */,
				5EF5DDAC2491FF16000368F9 /* AppEnvironment.swift in Sources */,
				5E685C67247A9B8F008539D9 /* AppSetupView.swift in Sources */,
				5EFE810C2454D13D00D44F53 /* Resetable.swift in Sources */,
				5E4473D0246EF85100D997A6 /* DoseDB.swift in Sources */,
				5E8EECE52456B65900398832 /* PageView.swift in Sources */,
				5E4473D1246EF85100D997A6 /* PrescriptionDB.swift in Sources */,
				5E0E7D28248696580086C0E8 /* DoseCellViewModel.swift in Sources */,
				5ED44B5A2454541000081B36 /* HomePrescriptionVC.swift in Sources */,
				5ED44B46245353EE00081B36 /* StringExtension.swift in Sources */,
				5E5514A82464AE7900E97DF4 /* UIApplicationExtension.swift in Sources */,
				5EB5DA84245DC41E0009EA75 /* PrescriptionButtonView.swift in Sources */,
				5E8EECEB2458D2B600398832 /* MedicineHomePageView.swift in Sources */,
				5E6AB015244B0F3F00F162EB /* AppDelegate.swift in Sources */,
				5E8EECE9245741A200398832 /* HomeCoordinator.swift in Sources */,
				5E4473C1246EF00B00D997A6 /* Cycle.swift in Sources */,
				5E6AB03E244B245F00F162EB /* FirstPrescriptionView.swift in Sources */,
				5E6AB04E244BA32200F162EB /* MessageView.swift in Sources */,
				5EFF2160244F9ACE00B77AE9 /* DebugManager.swift in Sources */,
				5E6AB017244B0F3F00F162EB /* SceneDelegate.swift in Sources */,
				5ED44B3824532EAE00081B36 /* AcceptButtonCell.swift in Sources */,
				5E6AB050244BA35D00F162EB /* AddPrescriptionView.swift in Sources */,
				5E5514A32464AA3800E97DF4 /* RequestNotificationPermissionOp.swift in Sources */,
				5E8EECE72456CFD600398832 /* HomePrescriptionVM.swift in Sources */,
				5ED44B532454180300081B36 /* Interval.swift in Sources */,
				5E685C72247B08BF008539D9 /* CalendarView.swift in Sources */,
				5E4473C8246EF82D00D997A6 /* DBManager.swift in Sources */,
				5EFF2159244F5DD100B77AE9 /* FirstPresciptionCoordinator.swift in Sources */,
				5EBE6DF32486AF80001285FF /* DoseCellTypeView.swift in Sources */,
				5E685C69247A9C00008539D9 /* AppConfigurationCoordinator.swift in Sources */,
				5E099671247F7D390069D197 /* MedicineCalendarVM.swift in Sources */,
				5EFF2156244F57BE00B77AE9 /* FirstPrescriptionVC.swift in Sources */,
				5ED44B342452061D00081B36 /* TextFieldWithValidatorCell.swift in Sources */,
				5E312964248CFCD0002241AF /* DoseListCellView.swift in Sources */,
				5EB91A0824926027005A082C /* FirebaseManager.swift in Sources */,
				5E6AB047244B4F5E00F162EB /* PrescriptionFormView.swift in Sources */,
				5E0E7D22248686FD0086C0E8 /* DoseListVM.swift in Sources */,
			);
			runOnlyForDeploymentPostprocessing = 0;
		};
		5E6AB023244B0F4200F162EB /* Sources */ = {
			isa = PBXSourcesBuildPhase;
			buildActionMask = 2147483647;
			files = (
				5E4473DE246F369900D997A6 /* CycleDBTests.swift in Sources */,
				5E685C62247A4891008539D9 /* MainFlowCoordinatorTests.swift in Sources */,
				5E4473DA246EFFBD00D997A6 /* MedicineDBTests.swift in Sources */,
				5E3B7ADC245A26A000541AB4 /* MedicineInteractorMock.swift in Sources */,
				5EFE81022454C12800D44F53 /* PrescriptionFormVMTests.swift in Sources */,
				5E4473DC246F014300D997A6 /* DBManagerTests.swift in Sources */,
				5E4473D5246EFA0000D997A6 /* CycleTests.swift in Sources */,
				5E4473D6246EFA0000D997A6 /* MedicineTests.swift in Sources */,
				5EB91A1224937B0F005A082C /* UTDoseListVM.swift in Sources */,
				5E099674247F864B0069D197 /* MedicineCalentarUT.swift in Sources */,
				5EFE81092454CF6D00D44F53 /* DataManagerTests.swift in Sources */,
				5E3B7AE2245AD7D300541AB4 /* HomeCoordinatorMock.swift in Sources */,
				5EFE81062454CDE400D44F53 /* DataManagerMock.swift in Sources */,
				5EF5DDAE24925261000368F9 /* AppEnvironmentUT.swift in Sources */,
				5E8EECE32456258600398832 /* PrescriptionTests.swift in Sources */,
				5E3B7AD82459FEBA00541AB4 /* MedicineInteractorUT.swift in Sources */,
				5E3B7ADF245A327A00541AB4 /* HomePrescriptionVMTest.swift in Sources */,
			);
			runOnlyForDeploymentPostprocessing = 0;
		};
/* End PBXSourcesBuildPhase section */

/* Begin PBXTargetDependency section */
		5E6AB029244B0F4200F162EB /* PBXTargetDependency */ = {
			isa = PBXTargetDependency;
			target = 5E6AB010244B0F3F00F162EB /* ePills */;
			targetProxy = 5E6AB028244B0F4200F162EB /* PBXContainerItemProxy */;
		};
/* End PBXTargetDependency section */

/* Begin PBXVariantGroup section */
		5E6AB01F244B0F4200F162EB /* LaunchScreen.storyboard */ = {
			isa = PBXVariantGroup;
			children = (
				5E6AB020244B0F4200F162EB /* Base */,
				5EB91A182494E826005A082C /* es */,
			);
			name = LaunchScreen.storyboard;
			sourceTree = "<group>";
		};
		5ED44B3E2453401700081B36 /* Localizable.strings */ = {
			isa = PBXVariantGroup;
			children = (
				5ED44B3D2453401700081B36 /* en */,
				5EB91A192494E826005A082C /* es */,
			);
			name = Localizable.strings;
			sourceTree = "<group>";
		};
/* End PBXVariantGroup section */

/* Begin XCBuildConfiguration section */
		5E6AB02E244B0F4200F162EB /* Debug */ = {
			isa = XCBuildConfiguration;
			buildSettings = {
				ALWAYS_SEARCH_USER_PATHS = NO;
				CLANG_ANALYZER_LOCALIZABILITY_NONLOCALIZED = YES;
				CLANG_ANALYZER_NONNULL = YES;
				CLANG_ANALYZER_NUMBER_OBJECT_CONVERSION = YES_AGGRESSIVE;
				CLANG_CXX_LANGUAGE_STANDARD = "gnu++14";
				CLANG_CXX_LIBRARY = "libc++";
				CLANG_ENABLE_MODULES = YES;
				CLANG_ENABLE_OBJC_ARC = YES;
				CLANG_ENABLE_OBJC_WEAK = YES;
				CLANG_WARN_BLOCK_CAPTURE_AUTORELEASING = YES;
				CLANG_WARN_BOOL_CONVERSION = YES;
				CLANG_WARN_COMMA = YES;
				CLANG_WARN_CONSTANT_CONVERSION = YES;
				CLANG_WARN_DEPRECATED_OBJC_IMPLEMENTATIONS = YES;
				CLANG_WARN_DIRECT_OBJC_ISA_USAGE = YES_ERROR;
				CLANG_WARN_DOCUMENTATION_COMMENTS = YES;
				CLANG_WARN_EMPTY_BODY = YES;
				CLANG_WARN_ENUM_CONVERSION = YES;
				CLANG_WARN_INFINITE_RECURSION = YES;
				CLANG_WARN_INT_CONVERSION = YES;
				CLANG_WARN_NON_LITERAL_NULL_CONVERSION = YES;
				CLANG_WARN_OBJC_IMPLICIT_RETAIN_SELF = YES;
				CLANG_WARN_OBJC_LITERAL_CONVERSION = YES;
				CLANG_WARN_OBJC_ROOT_CLASS = YES_ERROR;
				CLANG_WARN_RANGE_LOOP_ANALYSIS = YES;
				CLANG_WARN_STRICT_PROTOTYPES = YES;
				CLANG_WARN_SUSPICIOUS_MOVE = YES;
				CLANG_WARN_UNGUARDED_AVAILABILITY = YES_AGGRESSIVE;
				CLANG_WARN_UNREACHABLE_CODE = YES;
				CLANG_WARN__DUPLICATE_METHOD_MATCH = YES;
				COPY_PHASE_STRIP = NO;
				DEBUG_INFORMATION_FORMAT = dwarf;
				ENABLE_STRICT_OBJC_MSGSEND = YES;
				ENABLE_TESTABILITY = YES;
				GCC_C_LANGUAGE_STANDARD = gnu11;
				GCC_DYNAMIC_NO_PIC = NO;
				GCC_NO_COMMON_BLOCKS = YES;
				GCC_OPTIMIZATION_LEVEL = 0;
				GCC_PREPROCESSOR_DEFINITIONS = (
					"DEBUG=1",
					"$(inherited)",
				);
				GCC_WARN_64_TO_32_BIT_CONVERSION = YES;
				GCC_WARN_ABOUT_RETURN_TYPE = YES_ERROR;
				GCC_WARN_UNDECLARED_SELECTOR = YES;
				GCC_WARN_UNINITIALIZED_AUTOS = YES_AGGRESSIVE;
				GCC_WARN_UNUSED_FUNCTION = YES;
				GCC_WARN_UNUSED_VARIABLE = YES;
				IPHONEOS_DEPLOYMENT_TARGET = 13.2;
				MTL_ENABLE_DEBUG_INFO = INCLUDE_SOURCE;
				MTL_FAST_MATH = YES;
				ONLY_ACTIVE_ARCH = YES;
				SDKROOT = iphoneos;
				SWIFT_ACTIVE_COMPILATION_CONDITIONS = DEBUG;
				SWIFT_OPTIMIZATION_LEVEL = "-Onone";
			};
			name = Debug;
		};
		5E6AB02F244B0F4200F162EB /* Release */ = {
			isa = XCBuildConfiguration;
			buildSettings = {
				ALWAYS_SEARCH_USER_PATHS = NO;
				CLANG_ANALYZER_LOCALIZABILITY_NONLOCALIZED = YES;
				CLANG_ANALYZER_NONNULL = YES;
				CLANG_ANALYZER_NUMBER_OBJECT_CONVERSION = YES_AGGRESSIVE;
				CLANG_CXX_LANGUAGE_STANDARD = "gnu++14";
				CLANG_CXX_LIBRARY = "libc++";
				CLANG_ENABLE_MODULES = YES;
				CLANG_ENABLE_OBJC_ARC = YES;
				CLANG_ENABLE_OBJC_WEAK = YES;
				CLANG_WARN_BLOCK_CAPTURE_AUTORELEASING = YES;
				CLANG_WARN_BOOL_CONVERSION = YES;
				CLANG_WARN_COMMA = YES;
				CLANG_WARN_CONSTANT_CONVERSION = YES;
				CLANG_WARN_DEPRECATED_OBJC_IMPLEMENTATIONS = YES;
				CLANG_WARN_DIRECT_OBJC_ISA_USAGE = YES_ERROR;
				CLANG_WARN_DOCUMENTATION_COMMENTS = YES;
				CLANG_WARN_EMPTY_BODY = YES;
				CLANG_WARN_ENUM_CONVERSION = YES;
				CLANG_WARN_INFINITE_RECURSION = YES;
				CLANG_WARN_INT_CONVERSION = YES;
				CLANG_WARN_NON_LITERAL_NULL_CONVERSION = YES;
				CLANG_WARN_OBJC_IMPLICIT_RETAIN_SELF = YES;
				CLANG_WARN_OBJC_LITERAL_CONVERSION = YES;
				CLANG_WARN_OBJC_ROOT_CLASS = YES_ERROR;
				CLANG_WARN_RANGE_LOOP_ANALYSIS = YES;
				CLANG_WARN_STRICT_PROTOTYPES = YES;
				CLANG_WARN_SUSPICIOUS_MOVE = YES;
				CLANG_WARN_UNGUARDED_AVAILABILITY = YES_AGGRESSIVE;
				CLANG_WARN_UNREACHABLE_CODE = YES;
				CLANG_WARN__DUPLICATE_METHOD_MATCH = YES;
				COPY_PHASE_STRIP = NO;
				DEBUG_INFORMATION_FORMAT = "dwarf-with-dsym";
				ENABLE_NS_ASSERTIONS = NO;
				ENABLE_STRICT_OBJC_MSGSEND = YES;
				GCC_C_LANGUAGE_STANDARD = gnu11;
				GCC_NO_COMMON_BLOCKS = YES;
				GCC_WARN_64_TO_32_BIT_CONVERSION = YES;
				GCC_WARN_ABOUT_RETURN_TYPE = YES_ERROR;
				GCC_WARN_UNDECLARED_SELECTOR = YES;
				GCC_WARN_UNINITIALIZED_AUTOS = YES_AGGRESSIVE;
				GCC_WARN_UNUSED_FUNCTION = YES;
				GCC_WARN_UNUSED_VARIABLE = YES;
				IPHONEOS_DEPLOYMENT_TARGET = 13.2;
				MTL_ENABLE_DEBUG_INFO = NO;
				MTL_FAST_MATH = YES;
				SDKROOT = iphoneos;
				SWIFT_COMPILATION_MODE = wholemodule;
				SWIFT_OPTIMIZATION_LEVEL = "-O";
				VALIDATE_PRODUCT = YES;
			};
			name = Release;
		};
		5E6AB031244B0F4200F162EB /* Debug */ = {
			isa = XCBuildConfiguration;
			baseConfigurationReference = 8EC7044343D9321A4692F525 /* Pods-ePills.debug.xcconfig */;
			buildSettings = {
				ASSETCATALOG_COMPILER_APPICON_NAME = AppIcon;
				CODE_SIGN_STYLE = Automatic;
				DEVELOPMENT_ASSET_PATHS = "\"ePills/Preview Content\"";
				DEVELOPMENT_TEAM = 7ZPDPWR8XU;
				ENABLE_PREVIEWS = YES;
				INFOPLIST_FILE = ePills/Info.plist;
				LD_RUNPATH_SEARCH_PATHS = (
					"$(inherited)",
					"@executable_path/Frameworks",
				);
				MARKETING_VERSION = 0.1;
				PRODUCT_BUNDLE_IDENTIFIER = com.JCa.ePills.debug;
				PRODUCT_MODULE_NAME = "$(TARGET_NAME)";
				PRODUCT_NAME = "$(TARGET_NAME)-Debug";
				SWIFT_VERSION = 5.0;
				TARGETED_DEVICE_FAMILY = "1,2";
			};
			name = Debug;
		};
		5E6AB032244B0F4200F162EB /* Release */ = {
			isa = XCBuildConfiguration;
			baseConfigurationReference = FDFCFB3CDF1B16A340275DBD /* Pods-ePills.release.xcconfig */;
			buildSettings = {
				ASSETCATALOG_COMPILER_APPICON_NAME = AppIcon;
				CODE_SIGN_STYLE = Automatic;
				DEVELOPMENT_ASSET_PATHS = "\"ePills/Preview Content\"";
				DEVELOPMENT_TEAM = 7ZPDPWR8XU;
				ENABLE_PREVIEWS = YES;
				INFOPLIST_FILE = ePills/Info.plist;
				LD_RUNPATH_SEARCH_PATHS = (
					"$(inherited)",
					"@executable_path/Frameworks",
				);
				MARKETING_VERSION = 0.1;
				PRODUCT_BUNDLE_IDENTIFIER = com.JCa.ePills;
				PRODUCT_MODULE_NAME = "$(TARGET_NAME)";
				PRODUCT_NAME = "$(TARGET_NAME)";
				SWIFT_ACTIVE_COMPILATION_CONDITIONS = RELEASE;
				SWIFT_VERSION = 5.0;
				TARGETED_DEVICE_FAMILY = "1,2";
			};
			name = Release;
		};
		5E6AB034244B0F4200F162EB /* Debug */ = {
			isa = XCBuildConfiguration;
			baseConfigurationReference = CF0760AD3217645B40B20A34 /* Pods-ePillsTests.debug.xcconfig */;
			buildSettings = {
				ALWAYS_EMBED_SWIFT_STANDARD_LIBRARIES = YES;
				BUNDLE_LOADER = "$(TEST_HOST)";
				CODE_SIGN_STYLE = Automatic;
				DEVELOPMENT_TEAM = 7ZPDPWR8XU;
				INFOPLIST_FILE = ePillsTests/Info.plist;
				IPHONEOS_DEPLOYMENT_TARGET = 13.2;
				LD_RUNPATH_SEARCH_PATHS = (
					"$(inherited)",
					"@executable_path/Frameworks",
					"@loader_path/Frameworks",
				);
				PRODUCT_BUNDLE_IDENTIFIER = com.Jca.ePills.ePillsTests;
				PRODUCT_NAME = "$(TARGET_NAME)";
				SWIFT_VERSION = 5.0;
				TARGETED_DEVICE_FAMILY = "1,2";
				TEST_HOST = "$(BUILT_PRODUCTS_DIR)/ePills-Debug.app/ePills-Debug";
			};
			name = Debug;
		};
		5E6AB035244B0F4200F162EB /* Release */ = {
			isa = XCBuildConfiguration;
			baseConfigurationReference = C555405584D4D9493D9D5A52 /* Pods-ePillsTests.release.xcconfig */;
			buildSettings = {
				ALWAYS_EMBED_SWIFT_STANDARD_LIBRARIES = YES;
				BUNDLE_LOADER = "$(TEST_HOST)";
				CODE_SIGN_STYLE = Automatic;
				DEVELOPMENT_TEAM = 7ZPDPWR8XU;
				INFOPLIST_FILE = ePillsTests/Info.plist;
				IPHONEOS_DEPLOYMENT_TARGET = 13.2;
				LD_RUNPATH_SEARCH_PATHS = (
					"$(inherited)",
					"@executable_path/Frameworks",
					"@loader_path/Frameworks",
				);
				PRODUCT_BUNDLE_IDENTIFIER = com.Jca.ePills.ePillsTests;
				PRODUCT_NAME = "$(TARGET_NAME)";
				SWIFT_VERSION = 5.0;
				TARGETED_DEVICE_FAMILY = "1,2";
				TEST_HOST = "$(BUILT_PRODUCTS_DIR)/ePills-Debug.app/ePills-Debug";
			};
			name = Release;
		};
/* End XCBuildConfiguration section */

/* Begin XCConfigurationList section */
		5E6AB00C244B0F3F00F162EB /* Build configuration list for PBXProject "ePills" */ = {
			isa = XCConfigurationList;
			buildConfigurations = (
				5E6AB02E244B0F4200F162EB /* Debug */,
				5E6AB02F244B0F4200F162EB /* Release */,
			);
			defaultConfigurationIsVisible = 0;
			defaultConfigurationName = Release;
		};
		5E6AB030244B0F4200F162EB /* Build configuration list for PBXNativeTarget "ePills" */ = {
			isa = XCConfigurationList;
			buildConfigurations = (
				5E6AB031244B0F4200F162EB /* Debug */,
				5E6AB032244B0F4200F162EB /* Release */,
			);
			defaultConfigurationIsVisible = 0;
			defaultConfigurationName = Release;
		};
		5E6AB033244B0F4200F162EB /* Build configuration list for PBXNativeTarget "ePillsTests" */ = {
			isa = XCConfigurationList;
			buildConfigurations = (
				5E6AB034244B0F4200F162EB /* Debug */,
				5E6AB035244B0F4200F162EB /* Release */,
			);
			defaultConfigurationIsVisible = 0;
			defaultConfigurationName = Release;
		};
/* End XCConfigurationList section */
	};
	rootObject = 5E6AB009244B0F3F00F162EB /* Project object */;
}
